Microsoft Visual Studio Solution File, Format Version 12.00
# Visual Studio 2015
Project("{2150E333-8FDC-42A3-9474-1A3956D46DE8}") = "(skia)", "../../../skia", "{205EB312-80F4-B88E-7D6A-A887FC14A45C}"
EndProject
Project("{8BC9CEB8-8B4A-11D0-8D11-00A0C91BC942}") = "arm64", "obj/arm64.vcxproj", "{A9996D31-0886-B332-180A-2D625E7D5215}"
EndProject
Project("{8BC9CEB8-8B4A-11D0-8D11-00A0C91BC942}") = "armv7", "obj/armv7.vcxproj", "{C027068A-B1A3-C7D3-E0AB-ABE29FD3EC65}"
EndProject
Project("{8BC9CEB8-8B4A-11D0-8D11-00A0C91BC942}") = "avx", "obj/avx.vcxproj", "{E46F8DF5-76D3-EFED-E82C-2CDEA833CD3F}"
EndProject
Project("{8BC9CEB8-8B4A-11D0-8D11-00A0C91BC942}") = "compile_processors", "obj/compile_processors.vcxproj", "{F9AA6519-9A80-8A37-64CA-BD3D562B034C}"
EndProject
Project("{8BC9CEB8-8B4A-11D0-8D11-00A0C91BC942}") = "crc32", "obj/crc32.vcxproj", "{11530210-76EB-F2F3-65BB-B73EFA13ACD5}"
EndProject
Project("{8BC9CEB8-8B4A-11D0-8D11-00A0C91BC942}") = "effects", "obj/effects.vcxproj", "{1B36F023-E904-3063-3C9D-05E31007F713}"
EndProject
Project("{8BC9CEB8-8B4A-11D0-8D11-00A0C91BC942}") = "fontmgr_android", "obj/fontmgr_android.vcxproj", "{A5DA3F08-655D-1BEE-080B-1F61CFE21763}"
EndProject
Project("{8BC9CEB8-8B4A-11D0-8D11-00A0C91BC942}") = "fontmgr_custom", "obj/fontmgr_custom.vcxproj", "{E2DAC615-4D26-9C6C-5302-004185322BBD}"
EndProject
Project("{8BC9CEB8-8B4A-11D0-8D11-00A0C91BC942}") = "fontmgr_fontconfig", "obj/fontmgr_fontconfig.vcxproj", "{F708150E-2120-6F5B-212B-06FA70901647}"
EndProject
Project("{8BC9CEB8-8B4A-11D0-8D11-00A0C91BC942}") = "fontmgr_fuchsia", "obj/fontmgr_fuchsia.vcxproj", "{184CFD80-DE69-3C92-91A5-BD92AD164977}"
EndProject
Project("{8BC9CEB8-8B4A-11D0-8D11-00A0C91BC942}") = "gpu", "obj/gpu.vcxproj", "{55423172-DB62-5858-B571-6454B731F45B}"
EndProject
Project("{8BC9CEB8-8B4A-11D0-8D11-00A0C91BC942}") = "heif", "obj/heif.vcxproj", "{11651B0C-4D60-4DCB-FF04-0F6D6C0285AA}"
EndProject
Project("{8BC9CEB8-8B4A-11D0-8D11-00A0C91BC942}") = "jpeg", "obj/jpeg.vcxproj", "{FEF24C5F-BD13-C6E2-361F-FF6EA51DEDD9}"
EndProject
Project("{8BC9CEB8-8B4A-11D0-8D11-00A0C91BC942}") = "none", "obj/none.vcxproj", "{4A9906B4-C8EE-990C-680F-10ED9E187470}"
EndProject
Project("{8BC9CEB8-8B4A-11D0-8D11-00A0C91BC942}") = "pdf", "obj/pdf.vcxproj", "{C957C2DD-A23B-971B-91D3-5AA32F938B86}"
EndProject
Project("{8BC9CEB8-8B4A-11D0-8D11-00A0C91BC942}") = "png", "obj/png.vcxproj", "{0FE22E76-C241-3753-40CD-1DF669B0E35C}"
EndProject
Project("{8BC9CEB8-8B4A-11D0-8D11-00A0C91BC942}") = "raw", "obj/raw.vcxproj", "{6451C498-02AF-0167-D1E8-94AFC31C0C40}"
EndProject
Project("{8BC9CEB8-8B4A-11D0-8D11-00A0C91BC942}") = "skia", "obj/skia.vcxproj", "{F4E2021D-3B15-AC7C-DB18-0ECA91F5C28E}"
EndProject
Project("{8BC9CEB8-8B4A-11D0-8D11-00A0C91BC942}") = "sse2", "obj/sse2.vcxproj", "{73CC1E16-58FF-93C1-5DC2-F6A8B73D21E0}"
EndProject
Project("{8BC9CEB8-8B4A-11D0-8D11-00A0C91BC942}") = "sse41", "obj/sse41.vcxproj", "{465008FF-99FD-7855-15F1-F9110A028B4B}"
EndProject
Project("{8BC9CEB8-8B4A-11D0-8D11-00A0C91BC942}") = "sse42", "obj/sse42.vcxproj", "{4E1813B0-984D-2C5F-BBE6-FFC8633B214D}"
EndProject
Project("{8BC9CEB8-8B4A-11D0-8D11-00A0C91BC942}") = "ssse3", "obj/ssse3.vcxproj", "{4B7DAD67-225A-4C5D-425A-568166CE88EA}"
EndProject
Project("{8BC9CEB8-8B4A-11D0-8D11-00A0C91BC942}") = "typeface_freetype", "obj/typeface_freetype.vcxproj", "{1EDFC3BE-0CE0-A383-9515-4247F9E6392A}"
EndProject
Project("{8BC9CEB8-8B4A-11D0-8D11-00A0C91BC942}") = "webp", "obj/webp.vcxproj", "{B3286258-6937-E4AC-E0EE-4863249BB068}"
EndProject
Project("{8BC9CEB8-8B4A-11D0-8D11-00A0C91BC942}") = "xml", "obj/xml.vcxproj", "{7ECBAF06-9938-E385-2DEF-74DE1224617C}"
EndProject
Global
	GlobalSection(SolutionConfigurationPlatforms) = preSolution
		GN|x64 = GN|x64
	EndGlobalSection
	GlobalSection(ProjectConfigurationPlatforms) = postSolution
		{A9996D31-0886-B332-180A-2D625E7D5215}.GN|x64.ActiveCfg = GN|x64
		{A9996D31-0886-B332-180A-2D625E7D5215}.GN|x64.Build.0 = GN|x64
		{C027068A-B1A3-C7D3-E0AB-ABE29FD3EC65}.GN|x64.ActiveCfg = GN|x64
		{C027068A-B1A3-C7D3-E0AB-ABE29FD3EC65}.GN|x64.Build.0 = GN|x64
		{E46F8DF5-76D3-EFED-E82C-2CDEA833CD3F}.GN|x64.ActiveCfg = GN|x64
		{E46F8DF5-76D3-EFED-E82C-2CDEA833CD3F}.GN|x64.Build.0 = GN|x64
		{F9AA6519-9A80-8A37-64CA-BD3D562B034C}.GN|x64.ActiveCfg = GN|x64
		{F9AA6519-9A80-8A37-64CA-BD3D562B034C}.GN|x64.Build.0 = GN|x64
		{11530210-76EB-F2F3-65BB-B73EFA13ACD5}.GN|x64.ActiveCfg = GN|x64
		{11530210-76EB-F2F3-65BB-B73EFA13ACD5}.GN|x64.Build.0 = GN|x64
		{1B36F023-E904-3063-3C9D-05E31007F713}.GN|x64.ActiveCfg = GN|x64
		{1B36F023-E904-3063-3C9D-05E31007F713}.GN|x64.Build.0 = GN|x64
		{A5DA3F08-655D-1BEE-080B-1F61CFE21763}.GN|x64.ActiveCfg = GN|x64
		{A5DA3F08-655D-1BEE-080B-1F61CFE21763}.GN|x64.Build.0 = GN|x64
		{E2DAC615-4D26-9C6C-5302-004185322BBD}.GN|x64.ActiveCfg = GN|x64
		{E2DAC615-4D26-9C6C-5302-004185322BBD}.GN|x64.Build.0 = GN|x64
		{F708150E-2120-6F5B-212B-06FA70901647}.GN|x64.ActiveCfg = GN|x64
		{F708150E-2120-6F5B-212B-06FA70901647}.GN|x64.Build.0 = GN|x64
		{184CFD80-DE69-3C92-91A5-BD92AD164977}.GN|x64.ActiveCfg = GN|x64
		{184CFD80-DE69-3C92-91A5-BD92AD164977}.GN|x64.Build.0 = GN|x64
		{55423172-DB62-5858-B571-6454B731F45B}.GN|x64.ActiveCfg = GN|x64
		{55423172-DB62-5858-B571-6454B731F45B}.GN|x64.Build.0 = GN|x64
		{11651B0C-4D60-4DCB-FF04-0F6D6C0285AA}.GN|x64.ActiveCfg = GN|x64
		{11651B0C-4D60-4DCB-FF04-0F6D6C0285AA}.GN|x64.Build.0 = GN|x64
		{FEF24C5F-BD13-C6E2-361F-FF6EA51DEDD9}.GN|x64.ActiveCfg = GN|x64
		{FEF24C5F-BD13-C6E2-361F-FF6EA51DEDD9}.GN|x64.Build.0 = GN|x64
		{4A9906B4-C8EE-990C-680F-10ED9E187470}.GN|x64.ActiveCfg = GN|x64
		{4A9906B4-C8EE-990C-680F-10ED9E187470}.GN|x64.Build.0 = GN|x64
		{C957C2DD-A23B-971B-91D3-5AA32F938B86}.GN|x64.ActiveCfg = GN|x64
		{C957C2DD-A23B-971B-91D3-5AA32F938B86}.GN|x64.Build.0 = GN|x64
		{0FE22E76-C241-3753-40CD-1DF669B0E35C}.GN|x64.ActiveCfg = GN|x64
		{0FE22E76-C241-3753-40CD-1DF669B0E35C}.GN|x64.Build.0 = GN|x64
		{6451C498-02AF-0167-D1E8-94AFC31C0C40}.GN|x64.ActiveCfg = GN|x64
		{6451C498-02AF-0167-D1E8-94AFC31C0C40}.GN|x64.Build.0 = GN|x64
		{F4E2021D-3B15-AC7C-DB18-0ECA91F5C28E}.GN|x64.ActiveCfg = GN|x64
		{F4E2021D-3B15-AC7C-DB18-0ECA91F5C28E}.GN|x64.Build.0 = GN|x64
		{73CC1E16-58FF-93C1-5DC2-F6A8B73D21E0}.GN|x64.ActiveCfg = GN|x64
		{73CC1E16-58FF-93C1-5DC2-F6A8B73D21E0}.GN|x64.Build.0 = GN|x64
		{465008FF-99FD-7855-15F1-F9110A028B4B}.GN|x64.ActiveCfg = GN|x64
		{465008FF-99FD-7855-15F1-F9110A028B4B}.GN|x64.Build.0 = GN|x64
		{4E1813B0-984D-2C5F-BBE6-FFC8633B214D}.GN|x64.ActiveCfg = GN|x64
		{4E1813B0-984D-2C5F-BBE6-FFC8633B214D}.GN|x64.Build.0 = GN|x64
		{4B7DAD67-225A-4C5D-425A-568166CE88EA}.GN|x64.ActiveCfg = GN|x64
		{4B7DAD67-225A-4C5D-425A-568166CE88EA}.GN|x64.Build.0 = GN|x64
		{1EDFC3BE-0CE0-A383-9515-4247F9E6392A}.GN|x64.ActiveCfg = GN|x64
		{1EDFC3BE-0CE0-A383-9515-4247F9E6392A}.GN|x64.Build.0 = GN|x64
		{B3286258-6937-E4AC-E0EE-4863249BB068}.GN|x64.ActiveCfg = GN|x64
		{B3286258-6937-E4AC-E0EE-4863249BB068}.GN|x64.Build.0 = GN|x64
		{7ECBAF06-9938-E385-2DEF-74DE1224617C}.GN|x64.ActiveCfg = GN|x64
		{7ECBAF06-9938-E385-2DEF-74DE1224617C}.GN|x64.Build.0 = GN|x64
	EndGlobalSection
	GlobalSection(SolutionProperties) = preSolution
		HideSolutionNode = FALSE
	EndGlobalSection
	GlobalSection(NestedProjects) = preSolution
		{A9996D31-0886-B332-180A-2D625E7D5215} = {205EB312-80F4-B88E-7D6A-A887FC14A45C}
		{C027068A-B1A3-C7D3-E0AB-ABE29FD3EC65} = {205EB312-80F4-B88E-7D6A-A887FC14A45C}
		{E46F8DF5-76D3-EFED-E82C-2CDEA833CD3F} = {205EB312-80F4-B88E-7D6A-A887FC14A45C}
		{F9AA6519-9A80-8A37-64CA-BD3D562B034C} = {205EB312-80F4-B88E-7D6A-A887FC14A45C}
		{11530210-76EB-F2F3-65BB-B73EFA13ACD5} = {205EB312-80F4-B88E-7D6A-A887FC14A45C}
		{1B36F023-E904-3063-3C9D-05E31007F713} = {205EB312-80F4-B88E-7D6A-A887FC14A45C}
		{A5DA3F08-655D-1BEE-080B-1F61CFE21763} = {205EB312-80F4-B88E-7D6A-A887FC14A45C}
		{E2DAC615-4D26-9C6C-5302-004185322BBD} = {205EB312-80F4-B88E-7D6A-A887FC14A45C}
		{F708150E-2120-6F5B-212B-06FA70901647} = {205EB312-80F4-B88E-7D6A-A887FC14A45C}
		{184CFD80-DE69-3C92-91A5-BD92AD164977} = {205EB312-80F4-B88E-7D6A-A887FC14A45C}
		{55423172-DB62-5858-B571-6454B731F45B} = {205EB312-80F4-B88E-7D6A-A887FC14A45C}
		{11651B0C-4D60-4DCB-FF04-0F6D6C0285AA} = {205EB312-80F4-B88E-7D6A-A887FC14A45C}
		{FEF24C5F-BD13-C6E2-361F-FF6EA51DEDD9} = {205EB312-80F4-B88E-7D6A-A887FC14A45C}
		{4A9906B4-C8EE-990C-680F-10ED9E187470} = {205EB312-80F4-B88E-7D6A-A887FC14A45C}
		{C957C2DD-A23B-971B-91D3-5AA32F938B86} = {205EB312-80F4-B88E-7D6A-A887FC14A45C}
		{0FE22E76-C241-3753-40CD-1DF669B0E35C} = {205EB312-80F4-B88E-7D6A-A887FC14A45C}
		{6451C498-02AF-0167-D1E8-94AFC31C0C40} = {205EB312-80F4-B88E-7D6A-A887FC14A45C}
		{F4E2021D-3B15-AC7C-DB18-0ECA91F5C28E} = {205EB312-80F4-B88E-7D6A-A887FC14A45C}
		{73CC1E16-58FF-93C1-5DC2-F6A8B73D21E0} = {205EB312-80F4-B88E-7D6A-A887FC14A45C}
		{465008FF-99FD-7855-15F1-F9110A028B4B} = {205EB312-80F4-B88E-7D6A-A887FC14A45C}
		{4E1813B0-984D-2C5F-BBE6-FFC8633B214D} = {205EB312-80F4-B88E-7D6A-A887FC14A45C}
		{4B7DAD67-225A-4C5D-425A-568166CE88EA} = {205EB312-80F4-B88E-7D6A-A887FC14A45C}
		{1EDFC3BE-0CE0-A383-9515-4247F9E6392A} = {205EB312-80F4-B88E-7D6A-A887FC14A45C}
		{B3286258-6937-E4AC-E0EE-4863249BB068} = {205EB312-80F4-B88E-7D6A-A887FC14A45C}
		{7ECBAF06-9938-E385-2DEF-74DE1224617C} = {205EB312-80F4-B88E-7D6A-A887FC14A45C}
	EndGlobalSection
EndGlobal
