Microsoft Visual Studio Solution File, Format Version 12.00
# Visual Studio 2015
Project("{2150E333-8FDC-42A3-9474-1A3956D46DE8}") = "(skia)", "../../../skia", "{205EB312-80F4-B88E-7D6A-A887FC14A45C}"
EndProject
Project("{2150E333-8FDC-42A3-9474-1A3956D46DE8}") = "(third_party)", "../../third_party", "{9E6C5B9C-2A21-A5EB-1487-4C8270BD63AA}"
EndProject
Project("{2150E333-8FDC-42A3-9474-1A3956D46DE8}") = "(jsoncpp)", "../../third_party/jsoncpp", "{6D517B7D-E3A7-9098-4824-DAC77C38BEDA}"
EndProject
Project("{2150E333-8FDC-42A3-9474-1A3956D46DE8}") = "(libmicrohttpd)", "../../third_party/libmicrohttpd", "{4BE44D34-01ED-6EBA-2863-A6524A68CDAC}"
EndProject
Project("{2150E333-8FDC-42A3-9474-1A3956D46DE8}") = "(libpng)", "../../third_party/libpng", "{6B944AB6-9ED7-16DA-F91D-95DA5D974F55}"
EndProject
Project("{2150E333-8FDC-42A3-9474-1A3956D46DE8}") = "(zlib)", "../../third_party/zlib", "{F0B695F2-63EC-DE1D-4F46-F4CFE474C4E2}"
EndProject
Project("{8BC9CEB8-8B4A-11D0-8D11-00A0C91BC942}") = "SampleApp", "obj/SampleApp.vcxproj", "{3AA12D69-6A6C-6F39-EAB3-399A3A0111CB}"
EndProject
Project("{8BC9CEB8-8B4A-11D0-8D11-00A0C91BC942}") = "arm64", "obj/arm64.vcxproj", "{0F1F4133-D26D-7B88-66E4-D76106C1F8F5}"
EndProject
Project("{8BC9CEB8-8B4A-11D0-8D11-00A0C91BC942}") = "armv7", "obj/armv7.vcxproj", "{8578A601-00D8-8771-7A8C-0A3AACDBC95B}"
EndProject
Project("{8BC9CEB8-8B4A-11D0-8D11-00A0C91BC942}") = "avx", "obj/avx.vcxproj", "{E8E4F12C-FA88-3253-DDDE-D4C8BB54555F}"
EndProject
Project("{8BC9CEB8-8B4A-11D0-8D11-00A0C91BC942}") = "bench", "obj/bench.vcxproj", "{F078F619-3377-7E65-ACAB-8665114FB1D8}"
EndProject
Project("{8BC9CEB8-8B4A-11D0-8D11-00A0C91BC942}") = "bookmaker", "obj/bookmaker.vcxproj", "{2C41A4EA-5DFF-9944-865A-89DF02BDFB11}"
EndProject
Project("{8BC9CEB8-8B4A-11D0-8D11-00A0C91BC942}") = "colorspaceinfo", "obj/colorspaceinfo.vcxproj", "{0F4A1A56-06FF-9D06-2FFD-8D781B27CB0F}"
EndProject
Project("{8BC9CEB8-8B4A-11D0-8D11-00A0C91BC942}") = "common_flags", "obj/common_flags.vcxproj", "{91973E34-8C74-A009-5344-E047E95D9B40}"
EndProject
Project("{8BC9CEB8-8B4A-11D0-8D11-00A0C91BC942}") = "compile_processors", "obj/compile_processors.vcxproj", "{B34A57B6-5378-EF79-07DA-73958736BE60}"
EndProject
Project("{8BC9CEB8-8B4A-11D0-8D11-00A0C91BC942}") = "crc32", "obj/crc32.vcxproj", "{0503D8F0-29D6-017B-C020-4CCEA7544205}"
EndProject
Project("{8BC9CEB8-8B4A-11D0-8D11-00A0C91BC942}") = "create_flutter_test_images", "obj/create_flutter_test_images.vcxproj", "{95AE5157-3C6B-D41E-2095-6A6EE6CA10DC}"
EndProject
Project("{8BC9CEB8-8B4A-11D0-8D11-00A0C91BC942}") = "create_test_font", "obj/create_test_font.vcxproj", "{3658B6C4-781E-E8CF-2CA7-DE9D21A4AB80}"
EndProject
Project("{8BC9CEB8-8B4A-11D0-8D11-00A0C91BC942}") = "dm", "obj/dm.vcxproj", "{882B5B06-6F98-952E-25FF-9D5E58647D63}"
EndProject
Project("{8BC9CEB8-8B4A-11D0-8D11-00A0C91BC942}") = "dump_record", "obj/dump_record.vcxproj", "{3129A263-ECF7-C432-8167-E5143AEF4943}"
EndProject
Project("{8BC9CEB8-8B4A-11D0-8D11-00A0C91BC942}") = "effects", "obj/effects.vcxproj", "{3B6241D0-464E-539B-1ED2-6972C9751478}"
EndProject
Project("{8BC9CEB8-8B4A-11D0-8D11-00A0C91BC942}") = "experimental_svg_model", "obj/experimental_svg_model.vcxproj", "{9D96A28B-9949-92E1-1C22-A6B347A6AB79}"
EndProject
Project("{8BC9CEB8-8B4A-11D0-8D11-00A0C91BC942}") = "flags", "obj/flags.vcxproj", "{2AE609A0-9DE0-6132-B17A-B0C33C2E08F1}"
EndProject
Project("{8BC9CEB8-8B4A-11D0-8D11-00A0C91BC942}") = "fontmgr_android", "obj/fontmgr_android.vcxproj", "{C31F045A-CAE9-CC3C-618F-BB9F8BD6970A}"
EndProject
Project("{8BC9CEB8-8B4A-11D0-8D11-00A0C91BC942}") = "fontmgr_custom", "obj/fontmgr_custom.vcxproj", "{009D24B2-69B8-5074-E186-C2DAE4CCB7E1}"
EndProject
Project("{8BC9CEB8-8B4A-11D0-8D11-00A0C91BC942}") = "fontmgr_fontconfig", "obj/fontmgr_fontconfig.vcxproj", "{8FAAF007-5F4C-76CB-BFF1-85F6D119CEE4}"
EndProject
Project("{8BC9CEB8-8B4A-11D0-8D11-00A0C91BC942}") = "fontmgr_fuchsia", "obj/fontmgr_fuchsia.vcxproj", "{0D04A479-1335-6E1E-74E8-EA7F1E0626A0}"
EndProject
Project("{8BC9CEB8-8B4A-11D0-8D11-00A0C91BC942}") = "fuzz", "obj/fuzz.vcxproj", "{70CC40A4-6ADE-20CE-6E34-165BBAB7549E}"
EndProject
Project("{8BC9CEB8-8B4A-11D0-8D11-00A0C91BC942}") = "get_images_from_skps", "obj/get_images_from_skps.vcxproj", "{91A4A245-4424-3719-F0C0-E9B6DDEF9B87}"
EndProject
Project("{8BC9CEB8-8B4A-11D0-8D11-00A0C91BC942}") = "gm", "obj/gm.vcxproj", "{82C6C024-EAC2-9A95-83E7-1B1BD10667FA}"
EndProject
Project("{8BC9CEB8-8B4A-11D0-8D11-00A0C91BC942}") = "gpu", "obj/gpu.vcxproj", "{90B0191E-0165-4F16-0E6F-1999E93037B7}"
EndProject
Project("{8BC9CEB8-8B4A-11D0-8D11-00A0C91BC942}") = "gpu_tool_utils", "obj/gpu_tool_utils.vcxproj", "{BD745CCE-A362-3D74-CB59-2DF4475A109F}"
EndProject
Project("{8BC9CEB8-8B4A-11D0-8D11-00A0C91BC942}") = "heif", "obj/heif.vcxproj", "{E282534B-7CA0-D50F-991C-4438B1B7AFDB}"
EndProject
Project("{8BC9CEB8-8B4A-11D0-8D11-00A0C91BC942}") = "jpeg", "obj/jpeg.vcxproj", "{096C6664-AEA0-B6A1-7DA4-3A0A3FBE1E67}"
EndProject
Project("{8BC9CEB8-8B4A-11D0-8D11-00A0C91BC942}") = "nanobench", "obj/nanobench.vcxproj", "{E0F45240-CA3A-8B28-CA6F-BC618726A70A}"
EndProject
Project("{8BC9CEB8-8B4A-11D0-8D11-00A0C91BC942}") = "none", "obj/none.vcxproj", "{F36F234C-7BDE-475B-CCD4-9BFE1401ADF7}"
EndProject
Project("{8BC9CEB8-8B4A-11D0-8D11-00A0C91BC942}") = "ok", "obj/ok.vcxproj", "{7D449908-81D2-4E31-7BA2-F589355729A7}"
EndProject
Project("{8BC9CEB8-8B4A-11D0-8D11-00A0C91BC942}") = "pathops_unittest", "obj/pathops_unittest.vcxproj", "{19A11CA5-658A-90C2-F63D-B77BB1C4E1CE}"
EndProject
Project("{8BC9CEB8-8B4A-11D0-8D11-00A0C91BC942}") = "pdf", "obj/pdf.vcxproj", "{CC86BDC9-1239-3D92-C329-706F0EF56B46}"
EndProject
Project("{8BC9CEB8-8B4A-11D0-8D11-00A0C91BC942}") = "png", "obj/png.vcxproj", "{BC453BB7-FAC7-8E15-E9D5-81BE6057B6E2}"
EndProject
Project("{8BC9CEB8-8B4A-11D0-8D11-00A0C91BC942}") = "public", "obj/public.vcxproj", "{67D938D5-ABC9-C4FC-79C2-66FF3C834DF2}"
EndProject
Project("{8BC9CEB8-8B4A-11D0-8D11-00A0C91BC942}") = "raw", "obj/raw.vcxproj", "{7032EE54-A954-1D63-C6AF-C3C7C9F023A5}"
EndProject
Project("{8BC9CEB8-8B4A-11D0-8D11-00A0C91BC942}") = "samples", "obj/samples.vcxproj", "{D38AF43F-6911-11FB-2BD5-2DAAE1B95588}"
EndProject
Project("{8BC9CEB8-8B4A-11D0-8D11-00A0C91BC942}") = "skdiff", "obj/skdiff.vcxproj", "{D88013DD-FB8B-DCA6-9FDF-F5610F550445}"
EndProject
Project("{8BC9CEB8-8B4A-11D0-8D11-00A0C91BC942}") = "skia", "obj/skia.vcxproj", "{443D0C56-1ECD-065D-6905-6A90C4412A96}"
EndProject
Project("{8BC9CEB8-8B4A-11D0-8D11-00A0C91BC942}") = "skiaserve", "obj/skiaserve.vcxproj", "{CB4BB857-03CA-D02A-C8FF-5E79B056EA01}"
EndProject
Project("{8BC9CEB8-8B4A-11D0-8D11-00A0C91BC942}") = "skp_parser", "obj/skp_parser.vcxproj", "{853C3E0D-B7DC-2AAF-4AD3-79F58E04A509}"
EndProject
Project("{8BC9CEB8-8B4A-11D0-8D11-00A0C91BC942}") = "skpinfo", "obj/skpinfo.vcxproj", "{7A68D97F-39CB-CE23-D682-9C82C5D8EED1}"
EndProject
Project("{8BC9CEB8-8B4A-11D0-8D11-00A0C91BC942}") = "sktexttopdf", "obj/sktexttopdf.vcxproj", "{10045AB5-D57E-9629-CBB5-38A7FEB13168}"
EndProject
Project("{8BC9CEB8-8B4A-11D0-8D11-00A0C91BC942}") = "sse2", "obj/sse2.vcxproj", "{6E1DC96F-8CC1-670D-7BF7-81CA1718762F}"
EndProject
Project("{8BC9CEB8-8B4A-11D0-8D11-00A0C91BC942}") = "sse41", "obj/sse41.vcxproj", "{93829DA5-D0A9-FDB3-8C63-922AA6BC376D}"
EndProject
Project("{8BC9CEB8-8B4A-11D0-8D11-00A0C91BC942}") = "sse42", "obj/sse42.vcxproj", "{575D8D25-EA56-1D7B-7E0C-B0899BD4A43F}"
EndProject
Project("{8BC9CEB8-8B4A-11D0-8D11-00A0C91BC942}") = "ssse3", "obj/ssse3.vcxproj", "{BF71205B-B9C3-2168-0F4B-248470FA2D47}"
EndProject
Project("{8BC9CEB8-8B4A-11D0-8D11-00A0C91BC942}") = "tests", "obj/tests.vcxproj", "{8EFFB6EC-7684-457F-98DA-DB99E4D82CB4}"
EndProject
Project("{8BC9CEB8-8B4A-11D0-8D11-00A0C91BC942}") = "jsoncpp", "obj/third_party/jsoncpp/jsoncpp.vcxproj", "{6D12DBC9-4064-3C4B-8C85-C484CF03E66F}"
EndProject
Project("{8BC9CEB8-8B4A-11D0-8D11-00A0C91BC942}") = "libmicrohttpd", "obj/third_party/libmicrohttpd/libmicrohttpd.vcxproj", "{40897F6F-490E-7910-4327-0225F43CF4F4}"
EndProject
Project("{8BC9CEB8-8B4A-11D0-8D11-00A0C91BC942}") = "libpng", "obj/third_party/libpng/libpng.vcxproj", "{23F9BA0E-F01E-4D8A-9BE8-A0739F70E04F}"
EndProject
Project("{8BC9CEB8-8B4A-11D0-8D11-00A0C91BC942}") = "zlib", "obj/third_party/zlib/zlib.vcxproj", "{98CEB5A4-BDAE-C6A0-684A-3C5055FC8936}"
EndProject
Project("{8BC9CEB8-8B4A-11D0-8D11-00A0C91BC942}") = "zlib_x86", "obj/third_party/zlib/zlib_x86.vcxproj", "{541AEC83-A25A-2E41-B69C-FD3AD2B89425}"
EndProject
Project("{8BC9CEB8-8B4A-11D0-8D11-00A0C91BC942}") = "tool_utils", "obj/tool_utils.vcxproj", "{CF6F56A7-DF24-467F-73DB-6ABC10EBEA5A}"
EndProject
Project("{8BC9CEB8-8B4A-11D0-8D11-00A0C91BC942}") = "typeface_freetype", "obj/typeface_freetype.vcxproj", "{4AF9E63F-E8A8-F2A3-F3E2-C6C32A7A1815}"
EndProject
Project("{8BC9CEB8-8B4A-11D0-8D11-00A0C91BC942}") = "views", "obj/views.vcxproj", "{4778198E-8DC2-CE45-ADE2-41A41D680A25}"
EndProject
Project("{8BC9CEB8-8B4A-11D0-8D11-00A0C91BC942}") = "webp", "obj/webp.vcxproj", "{94C03C3A-50E3-8F24-3AC2-DB9851E56B42}"
EndProject
Project("{8BC9CEB8-8B4A-11D0-8D11-00A0C91BC942}") = "xml", "obj/xml.vcxproj", "{FDB1217E-1F2E-548E-73D7-6A72A77F70C3}"
EndProject
Global
	GlobalSection(SolutionConfigurationPlatforms) = preSolution
		GN|x64 = GN|x64
	EndGlobalSection
	GlobalSection(ProjectConfigurationPlatforms) = postSolution
		{3AA12D69-6A6C-6F39-EAB3-399A3A0111CB}.GN|x64.ActiveCfg = GN|x64
		{3AA12D69-6A6C-6F39-EAB3-399A3A0111CB}.GN|x64.Build.0 = GN|x64
		{0F1F4133-D26D-7B88-66E4-D76106C1F8F5}.GN|x64.ActiveCfg = GN|x64
		{0F1F4133-D26D-7B88-66E4-D76106C1F8F5}.GN|x64.Build.0 = GN|x64
		{8578A601-00D8-8771-7A8C-0A3AACDBC95B}.GN|x64.ActiveCfg = GN|x64
		{8578A601-00D8-8771-7A8C-0A3AACDBC95B}.GN|x64.Build.0 = GN|x64
		{E8E4F12C-FA88-3253-DDDE-D4C8BB54555F}.GN|x64.ActiveCfg = GN|x64
		{E8E4F12C-FA88-3253-DDDE-D4C8BB54555F}.GN|x64.Build.0 = GN|x64
		{F078F619-3377-7E65-ACAB-8665114FB1D8}.GN|x64.ActiveCfg = GN|x64
		{F078F619-3377-7E65-ACAB-8665114FB1D8}.GN|x64.Build.0 = GN|x64
		{2C41A4EA-5DFF-9944-865A-89DF02BDFB11}.GN|x64.ActiveCfg = GN|x64
		{2C41A4EA-5DFF-9944-865A-89DF02BDFB11}.GN|x64.Build.0 = GN|x64
		{0F4A1A56-06FF-9D06-2FFD-8D781B27CB0F}.GN|x64.ActiveCfg = GN|x64
		{0F4A1A56-06FF-9D06-2FFD-8D781B27CB0F}.GN|x64.Build.0 = GN|x64
		{91973E34-8C74-A009-5344-E047E95D9B40}.GN|x64.ActiveCfg = GN|x64
		{91973E34-8C74-A009-5344-E047E95D9B40}.GN|x64.Build.0 = GN|x64
		{B34A57B6-5378-EF79-07DA-73958736BE60}.GN|x64.ActiveCfg = GN|x64
		{B34A57B6-5378-EF79-07DA-73958736BE60}.GN|x64.Build.0 = GN|x64
		{0503D8F0-29D6-017B-C020-4CCEA7544205}.GN|x64.ActiveCfg = GN|x64
		{0503D8F0-29D6-017B-C020-4CCEA7544205}.GN|x64.Build.0 = GN|x64
		{95AE5157-3C6B-D41E-2095-6A6EE6CA10DC}.GN|x64.ActiveCfg = GN|x64
		{95AE5157-3C6B-D41E-2095-6A6EE6CA10DC}.GN|x64.Build.0 = GN|x64
		{3658B6C4-781E-E8CF-2CA7-DE9D21A4AB80}.GN|x64.ActiveCfg = GN|x64
		{3658B6C4-781E-E8CF-2CA7-DE9D21A4AB80}.GN|x64.Build.0 = GN|x64
		{882B5B06-6F98-952E-25FF-9D5E58647D63}.GN|x64.ActiveCfg = GN|x64
		{882B5B06-6F98-952E-25FF-9D5E58647D63}.GN|x64.Build.0 = GN|x64
		{3129A263-ECF7-C432-8167-E5143AEF4943}.GN|x64.ActiveCfg = GN|x64
		{3129A263-ECF7-C432-8167-E5143AEF4943}.GN|x64.Build.0 = GN|x64
		{3B6241D0-464E-539B-1ED2-6972C9751478}.GN|x64.ActiveCfg = GN|x64
		{3B6241D0-464E-539B-1ED2-6972C9751478}.GN|x64.Build.0 = GN|x64
		{9D96A28B-9949-92E1-1C22-A6B347A6AB79}.GN|x64.ActiveCfg = GN|x64
		{9D96A28B-9949-92E1-1C22-A6B347A6AB79}.GN|x64.Build.0 = GN|x64
		{2AE609A0-9DE0-6132-B17A-B0C33C2E08F1}.GN|x64.ActiveCfg = GN|x64
		{2AE609A0-9DE0-6132-B17A-B0C33C2E08F1}.GN|x64.Build.0 = GN|x64
		{C31F045A-CAE9-CC3C-618F-BB9F8BD6970A}.GN|x64.ActiveCfg = GN|x64
		{C31F045A-CAE9-CC3C-618F-BB9F8BD6970A}.GN|x64.Build.0 = GN|x64
		{009D24B2-69B8-5074-E186-C2DAE4CCB7E1}.GN|x64.ActiveCfg = GN|x64
		{009D24B2-69B8-5074-E186-C2DAE4CCB7E1}.GN|x64.Build.0 = GN|x64
		{8FAAF007-5F4C-76CB-BFF1-85F6D119CEE4}.GN|x64.ActiveCfg = GN|x64
		{8FAAF007-5F4C-76CB-BFF1-85F6D119CEE4}.GN|x64.Build.0 = GN|x64
		{0D04A479-1335-6E1E-74E8-EA7F1E0626A0}.GN|x64.ActiveCfg = GN|x64
		{0D04A479-1335-6E1E-74E8-EA7F1E0626A0}.GN|x64.Build.0 = GN|x64
		{70CC40A4-6ADE-20CE-6E34-165BBAB7549E}.GN|x64.ActiveCfg = GN|x64
		{70CC40A4-6ADE-20CE-6E34-165BBAB7549E}.GN|x64.Build.0 = GN|x64
		{91A4A245-4424-3719-F0C0-E9B6DDEF9B87}.GN|x64.ActiveCfg = GN|x64
		{91A4A245-4424-3719-F0C0-E9B6DDEF9B87}.GN|x64.Build.0 = GN|x64
		{82C6C024-EAC2-9A95-83E7-1B1BD10667FA}.GN|x64.ActiveCfg = GN|x64
		{82C6C024-EAC2-9A95-83E7-1B1BD10667FA}.GN|x64.Build.0 = GN|x64
		{90B0191E-0165-4F16-0E6F-1999E93037B7}.GN|x64.ActiveCfg = GN|x64
		{90B0191E-0165-4F16-0E6F-1999E93037B7}.GN|x64.Build.0 = GN|x64
		{BD745CCE-A362-3D74-CB59-2DF4475A109F}.GN|x64.ActiveCfg = GN|x64
		{BD745CCE-A362-3D74-CB59-2DF4475A109F}.GN|x64.Build.0 = GN|x64
		{E282534B-7CA0-D50F-991C-4438B1B7AFDB}.GN|x64.ActiveCfg = GN|x64
		{E282534B-7CA0-D50F-991C-4438B1B7AFDB}.GN|x64.Build.0 = GN|x64
		{096C6664-AEA0-B6A1-7DA4-3A0A3FBE1E67}.GN|x64.ActiveCfg = GN|x64
		{096C6664-AEA0-B6A1-7DA4-3A0A3FBE1E67}.GN|x64.Build.0 = GN|x64
		{E0F45240-CA3A-8B28-CA6F-BC618726A70A}.GN|x64.ActiveCfg = GN|x64
		{E0F45240-CA3A-8B28-CA6F-BC618726A70A}.GN|x64.Build.0 = GN|x64
		{F36F234C-7BDE-475B-CCD4-9BFE1401ADF7}.GN|x64.ActiveCfg = GN|x64
		{F36F234C-7BDE-475B-CCD4-9BFE1401ADF7}.GN|x64.Build.0 = GN|x64
		{7D449908-81D2-4E31-7BA2-F589355729A7}.GN|x64.ActiveCfg = GN|x64
		{7D449908-81D2-4E31-7BA2-F589355729A7}.GN|x64.Build.0 = GN|x64
		{19A11CA5-658A-90C2-F63D-B77BB1C4E1CE}.GN|x64.ActiveCfg = GN|x64
		{19A11CA5-658A-90C2-F63D-B77BB1C4E1CE}.GN|x64.Build.0 = GN|x64
		{CC86BDC9-1239-3D92-C329-706F0EF56B46}.GN|x64.ActiveCfg = GN|x64
		{CC86BDC9-1239-3D92-C329-706F0EF56B46}.GN|x64.Build.0 = GN|x64
		{BC453BB7-FAC7-8E15-E9D5-81BE6057B6E2}.GN|x64.ActiveCfg = GN|x64
		{BC453BB7-FAC7-8E15-E9D5-81BE6057B6E2}.GN|x64.Build.0 = GN|x64
		{67D938D5-ABC9-C4FC-79C2-66FF3C834DF2}.GN|x64.ActiveCfg = GN|x64
		{67D938D5-ABC9-C4FC-79C2-66FF3C834DF2}.GN|x64.Build.0 = GN|x64
		{7032EE54-A954-1D63-C6AF-C3C7C9F023A5}.GN|x64.ActiveCfg = GN|x64
		{7032EE54-A954-1D63-C6AF-C3C7C9F023A5}.GN|x64.Build.0 = GN|x64
		{D38AF43F-6911-11FB-2BD5-2DAAE1B95588}.GN|x64.ActiveCfg = GN|x64
		{D38AF43F-6911-11FB-2BD5-2DAAE1B95588}.GN|x64.Build.0 = GN|x64
		{D88013DD-FB8B-DCA6-9FDF-F5610F550445}.GN|x64.ActiveCfg = GN|x64
		{D88013DD-FB8B-DCA6-9FDF-F5610F550445}.GN|x64.Build.0 = GN|x64
		{443D0C56-1ECD-065D-6905-6A90C4412A96}.GN|x64.ActiveCfg = GN|x64
		{443D0C56-1ECD-065D-6905-6A90C4412A96}.GN|x64.Build.0 = GN|x64
		{CB4BB857-03CA-D02A-C8FF-5E79B056EA01}.GN|x64.ActiveCfg = GN|x64
		{CB4BB857-03CA-D02A-C8FF-5E79B056EA01}.GN|x64.Build.0 = GN|x64
		{853C3E0D-B7DC-2AAF-4AD3-79F58E04A509}.GN|x64.ActiveCfg = GN|x64
		{853C3E0D-B7DC-2AAF-4AD3-79F58E04A509}.GN|x64.Build.0 = GN|x64
		{7A68D97F-39CB-CE23-D682-9C82C5D8EED1}.GN|x64.ActiveCfg = GN|x64
		{7A68D97F-39CB-CE23-D682-9C82C5D8EED1}.GN|x64.Build.0 = GN|x64
		{10045AB5-D57E-9629-CBB5-38A7FEB13168}.GN|x64.ActiveCfg = GN|x64
		{10045AB5-D57E-9629-CBB5-38A7FEB13168}.GN|x64.Build.0 = GN|x64
		{6E1DC96F-8CC1-670D-7BF7-81CA1718762F}.GN|x64.ActiveCfg = GN|x64
		{6E1DC96F-8CC1-670D-7BF7-81CA1718762F}.GN|x64.Build.0 = GN|x64
		{93829DA5-D0A9-FDB3-8C63-922AA6BC376D}.GN|x64.ActiveCfg = GN|x64
		{93829DA5-D0A9-FDB3-8C63-922AA6BC376D}.GN|x64.Build.0 = GN|x64
		{575D8D25-EA56-1D7B-7E0C-B0899BD4A43F}.GN|x64.ActiveCfg = GN|x64
		{575D8D25-EA56-1D7B-7E0C-B0899BD4A43F}.GN|x64.Build.0 = GN|x64
		{BF71205B-B9C3-2168-0F4B-248470FA2D47}.GN|x64.ActiveCfg = GN|x64
		{BF71205B-B9C3-2168-0F4B-248470FA2D47}.GN|x64.Build.0 = GN|x64
		{8EFFB6EC-7684-457F-98DA-DB99E4D82CB4}.GN|x64.ActiveCfg = GN|x64
		{8EFFB6EC-7684-457F-98DA-DB99E4D82CB4}.GN|x64.Build.0 = GN|x64
		{6D12DBC9-4064-3C4B-8C85-C484CF03E66F}.GN|x64.ActiveCfg = GN|x64
		{6D12DBC9-4064-3C4B-8C85-C484CF03E66F}.GN|x64.Build.0 = GN|x64
		{40897F6F-490E-7910-4327-0225F43CF4F4}.GN|x64.ActiveCfg = GN|x64
		{40897F6F-490E-7910-4327-0225F43CF4F4}.GN|x64.Build.0 = GN|x64
		{23F9BA0E-F01E-4D8A-9BE8-A0739F70E04F}.GN|x64.ActiveCfg = GN|x64
		{23F9BA0E-F01E-4D8A-9BE8-A0739F70E04F}.GN|x64.Build.0 = GN|x64
		{98CEB5A4-BDAE-C6A0-684A-3C5055FC8936}.GN|x64.ActiveCfg = GN|x64
		{98CEB5A4-BDAE-C6A0-684A-3C5055FC8936}.GN|x64.Build.0 = GN|x64
		{541AEC83-A25A-2E41-B69C-FD3AD2B89425}.GN|x64.ActiveCfg = GN|x64
		{541AEC83-A25A-2E41-B69C-FD3AD2B89425}.GN|x64.Build.0 = GN|x64
		{CF6F56A7-DF24-467F-73DB-6ABC10EBEA5A}.GN|x64.ActiveCfg = GN|x64
		{CF6F56A7-DF24-467F-73DB-6ABC10EBEA5A}.GN|x64.Build.0 = GN|x64
		{4AF9E63F-E8A8-F2A3-F3E2-C6C32A7A1815}.GN|x64.ActiveCfg = GN|x64
		{4AF9E63F-E8A8-F2A3-F3E2-C6C32A7A1815}.GN|x64.Build.0 = GN|x64
		{4778198E-8DC2-CE45-ADE2-41A41D680A25}.GN|x64.ActiveCfg = GN|x64
		{4778198E-8DC2-CE45-ADE2-41A41D680A25}.GN|x64.Build.0 = GN|x64
		{94C03C3A-50E3-8F24-3AC2-DB9851E56B42}.GN|x64.ActiveCfg = GN|x64
		{94C03C3A-50E3-8F24-3AC2-DB9851E56B42}.GN|x64.Build.0 = GN|x64
		{FDB1217E-1F2E-548E-73D7-6A72A77F70C3}.GN|x64.ActiveCfg = GN|x64
		{FDB1217E-1F2E-548E-73D7-6A72A77F70C3}.GN|x64.Build.0 = GN|x64
	EndGlobalSection
	GlobalSection(SolutionProperties) = preSolution
		HideSolutionNode = FALSE
	EndGlobalSection
	GlobalSection(NestedProjects) = preSolution
		{9E6C5B9C-2A21-A5EB-1487-4C8270BD63AA} = {205EB312-80F4-B88E-7D6A-A887FC14A45C}
		{6D517B7D-E3A7-9098-4824-DAC77C38BEDA} = {9E6C5B9C-2A21-A5EB-1487-4C8270BD63AA}
		{4BE44D34-01ED-6EBA-2863-A6524A68CDAC} = {9E6C5B9C-2A21-A5EB-1487-4C8270BD63AA}
		{6B944AB6-9ED7-16DA-F91D-95DA5D974F55} = {9E6C5B9C-2A21-A5EB-1487-4C8270BD63AA}
		{F0B695F2-63EC-DE1D-4F46-F4CFE474C4E2} = {9E6C5B9C-2A21-A5EB-1487-4C8270BD63AA}
		{3AA12D69-6A6C-6F39-EAB3-399A3A0111CB} = {205EB312-80F4-B88E-7D6A-A887FC14A45C}
		{0F1F4133-D26D-7B88-66E4-D76106C1F8F5} = {205EB312-80F4-B88E-7D6A-A887FC14A45C}
		{8578A601-00D8-8771-7A8C-0A3AACDBC95B} = {205EB312-80F4-B88E-7D6A-A887FC14A45C}
		{E8E4F12C-FA88-3253-DDDE-D4C8BB54555F} = {205EB312-80F4-B88E-7D6A-A887FC14A45C}
		{F078F619-3377-7E65-ACAB-8665114FB1D8} = {205EB312-80F4-B88E-7D6A-A887FC14A45C}
		{2C41A4EA-5DFF-9944-865A-89DF02BDFB11} = {205EB312-80F4-B88E-7D6A-A887FC14A45C}
		{0F4A1A56-06FF-9D06-2FFD-8D781B27CB0F} = {205EB312-80F4-B88E-7D6A-A887FC14A45C}
		{91973E34-8C74-A009-5344-E047E95D9B40} = {205EB312-80F4-B88E-7D6A-A887FC14A45C}
		{B34A57B6-5378-EF79-07DA-73958736BE60} = {205EB312-80F4-B88E-7D6A-A887FC14A45C}
		{0503D8F0-29D6-017B-C020-4CCEA7544205} = {205EB312-80F4-B88E-7D6A-A887FC14A45C}
		{95AE5157-3C6B-D41E-2095-6A6EE6CA10DC} = {205EB312-80F4-B88E-7D6A-A887FC14A45C}
		{3658B6C4-781E-E8CF-2CA7-DE9D21A4AB80} = {205EB312-80F4-B88E-7D6A-A887FC14A45C}
		{882B5B06-6F98-952E-25FF-9D5E58647D63} = {205EB312-80F4-B88E-7D6A-A887FC14A45C}
		{3129A263-ECF7-C432-8167-E5143AEF4943} = {205EB312-80F4-B88E-7D6A-A887FC14A45C}
		{3B6241D0-464E-539B-1ED2-6972C9751478} = {205EB312-80F4-B88E-7D6A-A887FC14A45C}
		{9D96A28B-9949-92E1-1C22-A6B347A6AB79} = {205EB312-80F4-B88E-7D6A-A887FC14A45C}
		{2AE609A0-9DE0-6132-B17A-B0C33C2E08F1} = {205EB312-80F4-B88E-7D6A-A887FC14A45C}
		{C31F045A-CAE9-CC3C-618F-BB9F8BD6970A} = {205EB312-80F4-B88E-7D6A-A887FC14A45C}
		{009D24B2-69B8-5074-E186-C2DAE4CCB7E1} = {205EB312-80F4-B88E-7D6A-A887FC14A45C}
		{8FAAF007-5F4C-76CB-BFF1-85F6D119CEE4} = {205EB312-80F4-B88E-7D6A-A887FC14A45C}
		{0D04A479-1335-6E1E-74E8-EA7F1E0626A0} = {205EB312-80F4-B88E-7D6A-A887FC14A45C}
		{70CC40A4-6ADE-20CE-6E34-165BBAB7549E} = {205EB312-80F4-B88E-7D6A-A887FC14A45C}
		{91A4A245-4424-3719-F0C0-E9B6DDEF9B87} = {205EB312-80F4-B88E-7D6A-A887FC14A45C}
		{82C6C024-EAC2-9A95-83E7-1B1BD10667FA} = {205EB312-80F4-B88E-7D6A-A887FC14A45C}
		{90B0191E-0165-4F16-0E6F-1999E93037B7} = {205EB312-80F4-B88E-7D6A-A887FC14A45C}
		{BD745CCE-A362-3D74-CB59-2DF4475A109F} = {205EB312-80F4-B88E-7D6A-A887FC14A45C}
		{E282534B-7CA0-D50F-991C-4438B1B7AFDB} = {205EB312-80F4-B88E-7D6A-A887FC14A45C}
		{096C6664-AEA0-B6A1-7DA4-3A0A3FBE1E67} = {205EB312-80F4-B88E-7D6A-A887FC14A45C}
		{E0F45240-CA3A-8B28-CA6F-BC618726A70A} = {205EB312-80F4-B88E-7D6A-A887FC14A45C}
		{F36F234C-7BDE-475B-CCD4-9BFE1401ADF7} = {205EB312-80F4-B88E-7D6A-A887FC14A45C}
		{7D449908-81D2-4E31-7BA2-F589355729A7} = {205EB312-80F4-B88E-7D6A-A887FC14A45C}
		{19A11CA5-658A-90C2-F63D-B77BB1C4E1CE} = {205EB312-80F4-B88E-7D6A-A887FC14A45C}
		{CC86BDC9-1239-3D92-C329-706F0EF56B46} = {205EB312-80F4-B88E-7D6A-A887FC14A45C}
		{BC453BB7-FAC7-8E15-E9D5-81BE6057B6E2} = {205EB312-80F4-B88E-7D6A-A887FC14A45C}
		{67D938D5-ABC9-C4FC-79C2-66FF3C834DF2} = {205EB312-80F4-B88E-7D6A-A887FC14A45C}
		{7032EE54-A954-1D63-C6AF-C3C7C9F023A5} = {205EB312-80F4-B88E-7D6A-A887FC14A45C}
		{D38AF43F-6911-11FB-2BD5-2DAAE1B95588} = {205EB312-80F4-B88E-7D6A-A887FC14A45C}
		{D88013DD-FB8B-DCA6-9FDF-F5610F550445} = {205EB312-80F4-B88E-7D6A-A887FC14A45C}
		{443D0C56-1ECD-065D-6905-6A90C4412A96} = {205EB312-80F4-B88E-7D6A-A887FC14A45C}
		{CB4BB857-03CA-D02A-C8FF-5E79B056EA01} = {205EB312-80F4-B88E-7D6A-A887FC14A45C}
		{853C3E0D-B7DC-2AAF-4AD3-79F58E04A509} = {205EB312-80F4-B88E-7D6A-A887FC14A45C}
		{7A68D97F-39CB-CE23-D682-9C82C5D8EED1} = {205EB312-80F4-B88E-7D6A-A887FC14A45C}
		{10045AB5-D57E-9629-CBB5-38A7FEB13168} = {205EB312-80F4-B88E-7D6A-A887FC14A45C}
		{6E1DC96F-8CC1-670D-7BF7-81CA1718762F} = {205EB312-80F4-B88E-7D6A-A887FC14A45C}
		{93829DA5-D0A9-FDB3-8C63-922AA6BC376D} = {205EB312-80F4-B88E-7D6A-A887FC14A45C}
		{575D8D25-EA56-1D7B-7E0C-B0899BD4A43F} = {205EB312-80F4-B88E-7D6A-A887FC14A45C}
		{BF71205B-B9C3-2168-0F4B-248470FA2D47} = {205EB312-80F4-B88E-7D6A-A887FC14A45C}
		{8EFFB6EC-7684-457F-98DA-DB99E4D82CB4} = {205EB312-80F4-B88E-7D6A-A887FC14A45C}
		{6D12DBC9-4064-3C4B-8C85-C484CF03E66F} = {6D517B7D-E3A7-9098-4824-DAC77C38BEDA}
		{40897F6F-490E-7910-4327-0225F43CF4F4} = {4BE44D34-01ED-6EBA-2863-A6524A68CDAC}
		{23F9BA0E-F01E-4D8A-9BE8-A0739F70E04F} = {6B944AB6-9ED7-16DA-F91D-95DA5D974F55}
		{98CEB5A4-BDAE-C6A0-684A-3C5055FC8936} = {F0B695F2-63EC-DE1D-4F46-F4CFE474C4E2}
		{541AEC83-A25A-2E41-B69C-FD3AD2B89425} = {F0B695F2-63EC-DE1D-4F46-F4CFE474C4E2}
		{CF6F56A7-DF24-467F-73DB-6ABC10EBEA5A} = {205EB312-80F4-B88E-7D6A-A887FC14A45C}
		{4AF9E63F-E8A8-F2A3-F3E2-C6C32A7A1815} = {205EB312-80F4-B88E-7D6A-A887FC14A45C}
		{4778198E-8DC2-CE45-ADE2-41A41D680A25} = {205EB312-80F4-B88E-7D6A-A887FC14A45C}
		{94C03C3A-50E3-8F24-3AC2-DB9851E56B42} = {205EB312-80F4-B88E-7D6A-A887FC14A45C}
		{FDB1217E-1F2E-548E-73D7-6A72A77F70C3} = {205EB312-80F4-B88E-7D6A-A887FC14A45C}
	EndGlobalSection
EndGlobal
