Microsoft Visual Studio Solution File, Format Version 12.00
# Visual Studio 2015
Project("{2150E333-8FDC-42A3-9474-1A3956D46DE8}") = "(skia)", "../../../skia", "{205EB312-80F4-B88E-7D6A-A887FC14A45C}"
EndProject
Project("{8BC9CEB8-8B4A-11D0-8D11-00A0C91BC942}") = "arm64", "obj/arm64.vcxproj", "{6AE06297-5C10-2949-AFD0-EE7420FB4BEE}"
EndProject
Project("{8BC9CEB8-8B4A-11D0-8D11-00A0C91BC942}") = "armv7", "obj/armv7.vcxproj", "{F46CEF10-3459-BC7C-9528-EB4266FCA543}"
EndProject
Project("{8BC9CEB8-8B4A-11D0-8D11-00A0C91BC942}") = "avx", "obj/avx.vcxproj", "{A1E2E00F-C1B6-4956-B643-E685FE924A4B}"
EndProject
Project("{8BC9CEB8-8B4A-11D0-8D11-00A0C91BC942}") = "compile_processors", "obj/compile_processors.vcxproj", "{89400503-ADB6-4016-C498-E44069DE36A6}"
EndProject
Project("{8BC9CEB8-8B4A-11D0-8D11-00A0C91BC942}") = "crc32", "obj/crc32.vcxproj", "{731A168B-46E3-D703-7929-E916D5D56B9F}"
EndProject
Project("{8BC9CEB8-8B4A-11D0-8D11-00A0C91BC942}") = "effects", "obj/effects.vcxproj", "{55CE2BDB-EA07-69D2-84C0-67481360C000}"
EndProject
Project("{8BC9CEB8-8B4A-11D0-8D11-00A0C91BC942}") = "fontmgr_android", "obj/fontmgr_android.vcxproj", "{0F8C6BA0-C634-691F-FEC2-6BB5C06C34ED}"
EndProject
Project("{8BC9CEB8-8B4A-11D0-8D11-00A0C91BC942}") = "fontmgr_custom", "obj/fontmgr_custom.vcxproj", "{657A2FA8-DDA0-F0AE-7264-B0CB3BF1D51B}"
EndProject
Project("{8BC9CEB8-8B4A-11D0-8D11-00A0C91BC942}") = "fontmgr_fontconfig", "obj/fontmgr_fontconfig.vcxproj", "{0AE373DD-FF54-4BCD-39DC-483B56FFF059}"
EndProject
Project("{8BC9CEB8-8B4A-11D0-8D11-00A0C91BC942}") = "fontmgr_fuchsia", "obj/fontmgr_fuchsia.vcxproj", "{277C11F5-A6E4-47E6-2B06-3949C74AC5DE}"
EndProject
Project("{8BC9CEB8-8B4A-11D0-8D11-00A0C91BC942}") = "gpu", "obj/gpu.vcxproj", "{89E7864C-242C-902A-4093-BFC783AF660A}"
EndProject
Project("{8BC9CEB8-8B4A-11D0-8D11-00A0C91BC942}") = "heif", "obj/heif.vcxproj", "{82A5E75D-BD87-251C-F8A6-F3ABE767C5E9}"
EndProject
Project("{8BC9CEB8-8B4A-11D0-8D11-00A0C91BC942}") = "jpeg", "obj/jpeg.vcxproj", "{FB99F801-CA30-F431-6C08-D54222ABED3D}"
EndProject
Project("{8BC9CEB8-8B4A-11D0-8D11-00A0C91BC942}") = "none", "obj/none.vcxproj", "{9EF3195B-9355-F699-CBE4-F9581A925037}"
EndProject
Project("{8BC9CEB8-8B4A-11D0-8D11-00A0C91BC942}") = "pdf", "obj/pdf.vcxproj", "{94A2F78E-412E-D1A7-CFB7-F3E7DB42464F}"
EndProject
Project("{8BC9CEB8-8B4A-11D0-8D11-00A0C91BC942}") = "png", "obj/png.vcxproj", "{E3C40036-D985-D889-FD47-C35C11A70A22}"
EndProject
Project("{8BC9CEB8-8B4A-11D0-8D11-00A0C91BC942}") = "raw", "obj/raw.vcxproj", "{8344B865-26F0-12F2-115E-E679E5E80860}"
EndProject
Project("{8BC9CEB8-8B4A-11D0-8D11-00A0C91BC942}") = "skia", "obj/skia.vcxproj", "{C6DE836B-CECD-D6E8-568E-E4585325AFE9}"
EndProject
Project("{8BC9CEB8-8B4A-11D0-8D11-00A0C91BC942}") = "sse2", "obj/sse2.vcxproj", "{FD307C9B-9AAF-7190-08A2-6C174C2F2BD4}"
EndProject
Project("{8BC9CEB8-8B4A-11D0-8D11-00A0C91BC942}") = "sse41", "obj/sse41.vcxproj", "{0684368E-5D3C-1C0B-336E-C4F5498F6926}"
EndProject
Project("{8BC9CEB8-8B4A-11D0-8D11-00A0C91BC942}") = "sse42", "obj/sse42.vcxproj", "{39E74188-39D8-BA8C-DDB9-5DC90051C559}"
EndProject
Project("{8BC9CEB8-8B4A-11D0-8D11-00A0C91BC942}") = "ssse3", "obj/ssse3.vcxproj", "{987D7748-07DF-C931-DB4A-6EC8195EF7AB}"
EndProject
Project("{8BC9CEB8-8B4A-11D0-8D11-00A0C91BC942}") = "typeface_freetype", "obj/typeface_freetype.vcxproj", "{7283497F-A071-0718-ECAA-C1BC3C864652}"
EndProject
Project("{8BC9CEB8-8B4A-11D0-8D11-00A0C91BC942}") = "webp", "obj/webp.vcxproj", "{3FD23E7B-6564-EEDD-65D5-F9E99400E0C8}"
EndProject
Project("{8BC9CEB8-8B4A-11D0-8D11-00A0C91BC942}") = "xml", "obj/xml.vcxproj", "{BFB3176A-C9D9-3DA8-C9DF-09F198781A0D}"
EndProject
Global
	GlobalSection(SolutionConfigurationPlatforms) = preSolution
		GN|Win32 = GN|Win32
	EndGlobalSection
	GlobalSection(ProjectConfigurationPlatforms) = postSolution
		{6AE06297-5C10-2949-AFD0-EE7420FB4BEE}.GN|Win32.ActiveCfg = GN|Win32
		{6AE06297-5C10-2949-AFD0-EE7420FB4BEE}.GN|Win32.Build.0 = GN|Win32
		{F46CEF10-3459-BC7C-9528-EB4266FCA543}.GN|Win32.ActiveCfg = GN|Win32
		{F46CEF10-3459-BC7C-9528-EB4266FCA543}.GN|Win32.Build.0 = GN|Win32
		{A1E2E00F-C1B6-4956-B643-E685FE924A4B}.GN|Win32.ActiveCfg = GN|Win32
		{A1E2E00F-C1B6-4956-B643-E685FE924A4B}.GN|Win32.Build.0 = GN|Win32
		{89400503-ADB6-4016-C498-E44069DE36A6}.GN|Win32.ActiveCfg = GN|Win32
		{89400503-ADB6-4016-C498-E44069DE36A6}.GN|Win32.Build.0 = GN|Win32
		{731A168B-46E3-D703-7929-E916D5D56B9F}.GN|Win32.ActiveCfg = GN|Win32
		{731A168B-46E3-D703-7929-E916D5D56B9F}.GN|Win32.Build.0 = GN|Win32
		{55CE2BDB-EA07-69D2-84C0-67481360C000}.GN|Win32.ActiveCfg = GN|Win32
		{55CE2BDB-EA07-69D2-84C0-67481360C000}.GN|Win32.Build.0 = GN|Win32
		{0F8C6BA0-C634-691F-FEC2-6BB5C06C34ED}.GN|Win32.ActiveCfg = GN|Win32
		{0F8C6BA0-C634-691F-FEC2-6BB5C06C34ED}.GN|Win32.Build.0 = GN|Win32
		{657A2FA8-DDA0-F0AE-7264-B0CB3BF1D51B}.GN|Win32.ActiveCfg = GN|Win32
		{657A2FA8-DDA0-F0AE-7264-B0CB3BF1D51B}.GN|Win32.Build.0 = GN|Win32
		{0AE373DD-FF54-4BCD-39DC-483B56FFF059}.GN|Win32.ActiveCfg = GN|Win32
		{0AE373DD-FF54-4BCD-39DC-483B56FFF059}.GN|Win32.Build.0 = GN|Win32
		{277C11F5-A6E4-47E6-2B06-3949C74AC5DE}.GN|Win32.ActiveCfg = GN|Win32
		{277C11F5-A6E4-47E6-2B06-3949C74AC5DE}.GN|Win32.Build.0 = GN|Win32
		{89E7864C-242C-902A-4093-BFC783AF660A}.GN|Win32.ActiveCfg = GN|Win32
		{89E7864C-242C-902A-4093-BFC783AF660A}.GN|Win32.Build.0 = GN|Win32
		{82A5E75D-BD87-251C-F8A6-F3ABE767C5E9}.GN|Win32.ActiveCfg = GN|Win32
		{82A5E75D-BD87-251C-F8A6-F3ABE767C5E9}.GN|Win32.Build.0 = GN|Win32
		{FB99F801-CA30-F431-6C08-D54222ABED3D}.GN|Win32.ActiveCfg = GN|Win32
		{FB99F801-CA30-F431-6C08-D54222ABED3D}.GN|Win32.Build.0 = GN|Win32
		{9EF3195B-9355-F699-CBE4-F9581A925037}.GN|Win32.ActiveCfg = GN|Win32
		{9EF3195B-9355-F699-CBE4-F9581A925037}.GN|Win32.Build.0 = GN|Win32
		{94A2F78E-412E-D1A7-CFB7-F3E7DB42464F}.GN|Win32.ActiveCfg = GN|Win32
		{94A2F78E-412E-D1A7-CFB7-F3E7DB42464F}.GN|Win32.Build.0 = GN|Win32
		{E3C40036-D985-D889-FD47-C35C11A70A22}.GN|Win32.ActiveCfg = GN|Win32
		{E3C40036-D985-D889-FD47-C35C11A70A22}.GN|Win32.Build.0 = GN|Win32
		{8344B865-26F0-12F2-115E-E679E5E80860}.GN|Win32.ActiveCfg = GN|Win32
		{8344B865-26F0-12F2-115E-E679E5E80860}.GN|Win32.Build.0 = GN|Win32
		{C6DE836B-CECD-D6E8-568E-E4585325AFE9}.GN|Win32.ActiveCfg = GN|Win32
		{C6DE836B-CECD-D6E8-568E-E4585325AFE9}.GN|Win32.Build.0 = GN|Win32
		{FD307C9B-9AAF-7190-08A2-6C174C2F2BD4}.GN|Win32.ActiveCfg = GN|Win32
		{FD307C9B-9AAF-7190-08A2-6C174C2F2BD4}.GN|Win32.Build.0 = GN|Win32
		{0684368E-5D3C-1C0B-336E-C4F5498F6926}.GN|Win32.ActiveCfg = GN|Win32
		{0684368E-5D3C-1C0B-336E-C4F5498F6926}.GN|Win32.Build.0 = GN|Win32
		{39E74188-39D8-BA8C-DDB9-5DC90051C559}.GN|Win32.ActiveCfg = GN|Win32
		{39E74188-39D8-BA8C-DDB9-5DC90051C559}.GN|Win32.Build.0 = GN|Win32
		{987D7748-07DF-C931-DB4A-6EC8195EF7AB}.GN|Win32.ActiveCfg = GN|Win32
		{987D7748-07DF-C931-DB4A-6EC8195EF7AB}.GN|Win32.Build.0 = GN|Win32
		{7283497F-A071-0718-ECAA-C1BC3C864652}.GN|Win32.ActiveCfg = GN|Win32
		{7283497F-A071-0718-ECAA-C1BC3C864652}.GN|Win32.Build.0 = GN|Win32
		{3FD23E7B-6564-EEDD-65D5-F9E99400E0C8}.GN|Win32.ActiveCfg = GN|Win32
		{3FD23E7B-6564-EEDD-65D5-F9E99400E0C8}.GN|Win32.Build.0 = GN|Win32
		{BFB3176A-C9D9-3DA8-C9DF-09F198781A0D}.GN|Win32.ActiveCfg = GN|Win32
		{BFB3176A-C9D9-3DA8-C9DF-09F198781A0D}.GN|Win32.Build.0 = GN|Win32
	EndGlobalSection
	GlobalSection(SolutionProperties) = preSolution
		HideSolutionNode = FALSE
	EndGlobalSection
	GlobalSection(NestedProjects) = preSolution
		{6AE06297-5C10-2949-AFD0-EE7420FB4BEE} = {205EB312-80F4-B88E-7D6A-A887FC14A45C}
		{F46CEF10-3459-BC7C-9528-EB4266FCA543} = {205EB312-80F4-B88E-7D6A-A887FC14A45C}
		{A1E2E00F-C1B6-4956-B643-E685FE924A4B} = {205EB312-80F4-B88E-7D6A-A887FC14A45C}
		{89400503-ADB6-4016-C498-E44069DE36A6} = {205EB312-80F4-B88E-7D6A-A887FC14A45C}
		{731A168B-46E3-D703-7929-E916D5D56B9F} = {205EB312-80F4-B88E-7D6A-A887FC14A45C}
		{55CE2BDB-EA07-69D2-84C0-67481360C000} = {205EB312-80F4-B88E-7D6A-A887FC14A45C}
		{0F8C6BA0-C634-691F-FEC2-6BB5C06C34ED} = {205EB312-80F4-B88E-7D6A-A887FC14A45C}
		{657A2FA8-DDA0-F0AE-7264-B0CB3BF1D51B} = {205EB312-80F4-B88E-7D6A-A887FC14A45C}
		{0AE373DD-FF54-4BCD-39DC-483B56FFF059} = {205EB312-80F4-B88E-7D6A-A887FC14A45C}
		{277C11F5-A6E4-47E6-2B06-3949C74AC5DE} = {205EB312-80F4-B88E-7D6A-A887FC14A45C}
		{89E7864C-242C-902A-4093-BFC783AF660A} = {205EB312-80F4-B88E-7D6A-A887FC14A45C}
		{82A5E75D-BD87-251C-F8A6-F3ABE767C5E9} = {205EB312-80F4-B88E-7D6A-A887FC14A45C}
		{FB99F801-CA30-F431-6C08-D54222ABED3D} = {205EB312-80F4-B88E-7D6A-A887FC14A45C}
		{9EF3195B-9355-F699-CBE4-F9581A925037} = {205EB312-80F4-B88E-7D6A-A887FC14A45C}
		{94A2F78E-412E-D1A7-CFB7-F3E7DB42464F} = {205EB312-80F4-B88E-7D6A-A887FC14A45C}
		{E3C40036-D985-D889-FD47-C35C11A70A22} = {205EB312-80F4-B88E-7D6A-A887FC14A45C}
		{8344B865-26F0-12F2-115E-E679E5E80860} = {205EB312-80F4-B88E-7D6A-A887FC14A45C}
		{C6DE836B-CECD-D6E8-568E-E4585325AFE9} = {205EB312-80F4-B88E-7D6A-A887FC14A45C}
		{FD307C9B-9AAF-7190-08A2-6C174C2F2BD4} = {205EB312-80F4-B88E-7D6A-A887FC14A45C}
		{0684368E-5D3C-1C0B-336E-C4F5498F6926} = {205EB312-80F4-B88E-7D6A-A887FC14A45C}
		{39E74188-39D8-BA8C-DDB9-5DC90051C559} = {205EB312-80F4-B88E-7D6A-A887FC14A45C}
		{987D7748-07DF-C931-DB4A-6EC8195EF7AB} = {205EB312-80F4-B88E-7D6A-A887FC14A45C}
		{7283497F-A071-0718-ECAA-C1BC3C864652} = {205EB312-80F4-B88E-7D6A-A887FC14A45C}
		{3FD23E7B-6564-EEDD-65D5-F9E99400E0C8} = {205EB312-80F4-B88E-7D6A-A887FC14A45C}
		{BFB3176A-C9D9-3DA8-C9DF-09F198781A0D} = {205EB312-80F4-B88E-7D6A-A887FC14A45C}
	EndGlobalSection
EndGlobal
