Microsoft Visual Studio Solution File, Format Version 12.00
# Visual Studio 2015
Project("{2150E333-8FDC-42A3-9474-1A3956D46DE8}") = "(skia)", "../../../skia", "{205EB312-80F4-B88E-7D6A-A887FC14A45C}"
EndProject
Project("{2150E333-8FDC-42A3-9474-1A3956D46DE8}") = "(third_party)", "../../third_party", "{9E6C5B9C-2A21-A5EB-1487-4C8270BD63AA}"
EndProject
Project("{2150E333-8FDC-42A3-9474-1A3956D46DE8}") = "(jsoncpp)", "../../third_party/jsoncpp", "{6D517B7D-E3A7-9098-4824-DAC77C38BEDA}"
EndProject
Project("{2150E333-8FDC-42A3-9474-1A3956D46DE8}") = "(libmicrohttpd)", "../../third_party/libmicrohttpd", "{4BE44D34-01ED-6EBA-2863-A6524A68CDAC}"
EndProject
Project("{2150E333-8FDC-42A3-9474-1A3956D46DE8}") = "(libpng)", "../../third_party/libpng", "{6B944AB6-9ED7-16DA-F91D-95DA5D974F55}"
EndProject
Project("{2150E333-8FDC-42A3-9474-1A3956D46DE8}") = "(zlib)", "../../third_party/zlib", "{F0B695F2-63EC-DE1D-4F46-F4CFE474C4E2}"
EndProject
Project("{8BC9CEB8-8B4A-11D0-8D11-00A0C91BC942}") = "SampleApp", "obj/SampleApp.vcxproj", "{68FCECED-525A-E6FA-6933-644C7032576C}"
EndProject
Project("{8BC9CEB8-8B4A-11D0-8D11-00A0C91BC942}") = "arm64", "obj/arm64.vcxproj", "{665F2E85-9935-8592-4C8E-5D276B3FBDA9}"
EndProject
Project("{8BC9CEB8-8B4A-11D0-8D11-00A0C91BC942}") = "armv7", "obj/armv7.vcxproj", "{F20FD718-7D23-4D05-AB1D-E9F86DECF0AD}"
EndProject
Project("{8BC9CEB8-8B4A-11D0-8D11-00A0C91BC942}") = "avx", "obj/avx.vcxproj", "{25775A5B-9314-D511-DD46-72CB7F6850DF}"
EndProject
Project("{8BC9CEB8-8B4A-11D0-8D11-00A0C91BC942}") = "bench", "obj/bench.vcxproj", "{1D5B559F-DDB3-99A1-9C15-EAF62BE8557D}"
EndProject
Project("{8BC9CEB8-8B4A-11D0-8D11-00A0C91BC942}") = "bookmaker", "obj/bookmaker.vcxproj", "{57546591-F1FB-32B4-153A-4FC1CFEACA50}"
EndProject
Project("{8BC9CEB8-8B4A-11D0-8D11-00A0C91BC942}") = "colorspaceinfo", "obj/colorspaceinfo.vcxproj", "{E570F7CA-6324-55AD-9986-5FB024C21C25}"
EndProject
Project("{8BC9CEB8-8B4A-11D0-8D11-00A0C91BC942}") = "common_flags", "obj/common_flags.vcxproj", "{8030BDFB-7D71-7D35-7C03-4A4DA4E515AF}"
EndProject
Project("{8BC9CEB8-8B4A-11D0-8D11-00A0C91BC942}") = "compile_processors", "obj/compile_processors.vcxproj", "{A74D9CD3-446A-ACCD-73F6-79572CB65372}"
EndProject
Project("{8BC9CEB8-8B4A-11D0-8D11-00A0C91BC942}") = "crc32", "obj/crc32.vcxproj", "{B8962F51-F6C3-1180-845B-EF0BCDB72B5D}"
EndProject
Project("{8BC9CEB8-8B4A-11D0-8D11-00A0C91BC942}") = "create_flutter_test_images", "obj/create_flutter_test_images.vcxproj", "{7EC6ED4B-48EC-092B-06DC-CCE148F44AA3}"
EndProject
Project("{8BC9CEB8-8B4A-11D0-8D11-00A0C91BC942}") = "create_test_font", "obj/create_test_font.vcxproj", "{4C13D641-288C-E2C2-4AE1-C9B917AEE37D}"
EndProject
Project("{8BC9CEB8-8B4A-11D0-8D11-00A0C91BC942}") = "dm", "obj/dm.vcxproj", "{AD00910D-C212-4A6B-458A-814B564788D8}"
EndProject
Project("{8BC9CEB8-8B4A-11D0-8D11-00A0C91BC942}") = "dump_record", "obj/dump_record.vcxproj", "{CE0CDF5E-B605-633F-E0E1-4E7D14450989}"
EndProject
Project("{8BC9CEB8-8B4A-11D0-8D11-00A0C91BC942}") = "effects", "obj/effects.vcxproj", "{75BA7FAF-329D-DC2D-81FF-C8918F90EFBA}"
EndProject
Project("{8BC9CEB8-8B4A-11D0-8D11-00A0C91BC942}") = "experimental_svg_model", "obj/experimental_svg_model.vcxproj", "{2DD69879-6918-CE7D-DF3F-15B0CAAC6324}"
EndProject
Project("{8BC9CEB8-8B4A-11D0-8D11-00A0C91BC942}") = "flags", "obj/flags.vcxproj", "{C42A2CC7-9B6D-0E8E-AD0E-C6C717AEC71A}"
EndProject
Project("{8BC9CEB8-8B4A-11D0-8D11-00A0C91BC942}") = "fontmgr_android", "obj/fontmgr_android.vcxproj", "{9D79D0AA-E68B-2FA1-3992-6BC430369BFE}"
EndProject
Project("{8BC9CEB8-8B4A-11D0-8D11-00A0C91BC942}") = "fontmgr_custom", "obj/fontmgr_custom.vcxproj", "{1EA8D457-EF34-CDA2-B34C-7376DD87B1E6}"
EndProject
Project("{8BC9CEB8-8B4A-11D0-8D11-00A0C91BC942}") = "fontmgr_fontconfig", "obj/fontmgr_fontconfig.vcxproj", "{AD36888C-8C1E-83F1-AD6E-70E737272A04}"
EndProject
Project("{8BC9CEB8-8B4A-11D0-8D11-00A0C91BC942}") = "fontmgr_fuchsia", "obj/fontmgr_fuchsia.vcxproj", "{DF3F11F6-6F22-1952-9F82-8A79982D86E8}"
EndProject
Project("{8BC9CEB8-8B4A-11D0-8D11-00A0C91BC942}") = "fuzz", "obj/fuzz.vcxproj", "{69CDF885-6C77-EB3A-513D-3FE400EA1D80}"
EndProject
Project("{8BC9CEB8-8B4A-11D0-8D11-00A0C91BC942}") = "get_images_from_skps", "obj/get_images_from_skps.vcxproj", "{5ADBF37C-74CC-F43E-BD2D-BE3A2C57A6DE}"
EndProject
Project("{8BC9CEB8-8B4A-11D0-8D11-00A0C91BC942}") = "gm", "obj/gm.vcxproj", "{1128AB13-0155-65D2-D4C8-B30264568178}"
EndProject
Project("{8BC9CEB8-8B4A-11D0-8D11-00A0C91BC942}") = "gpu", "obj/gpu.vcxproj", "{B2D60C33-7B88-C705-D34C-18009B28EF7D}"
EndProject
Project("{8BC9CEB8-8B4A-11D0-8D11-00A0C91BC942}") = "gpu_tool_utils", "obj/gpu_tool_utils.vcxproj", "{1C073ECE-8724-8B0D-8C8C-82BDFE9E7FA8}"
EndProject
Project("{8BC9CEB8-8B4A-11D0-8D11-00A0C91BC942}") = "heif", "obj/heif.vcxproj", "{CBEEF73B-238D-9896-7F6F-AC42AC12A468}"
EndProject
Project("{8BC9CEB8-8B4A-11D0-8D11-00A0C91BC942}") = "jpeg", "obj/jpeg.vcxproj", "{67C8B9E7-2EE1-DC9A-1D8D-DF2D2E731100}"
EndProject
Project("{8BC9CEB8-8B4A-11D0-8D11-00A0C91BC942}") = "nanobench", "obj/nanobench.vcxproj", "{7F285EB5-28FB-7D57-C131-BF0D7FD28A68}"
EndProject
Project("{8BC9CEB8-8B4A-11D0-8D11-00A0C91BC942}") = "none", "obj/none.vcxproj", "{59145B25-DB3C-DE94-C843-2EB1DD3CE3E7}"
EndProject
Project("{8BC9CEB8-8B4A-11D0-8D11-00A0C91BC942}") = "ok", "obj/ok.vcxproj", "{50DF894F-372F-6E12-F1B5-FFE87B36F72A}"
EndProject
Project("{8BC9CEB8-8B4A-11D0-8D11-00A0C91BC942}") = "pathops_unittest", "obj/pathops_unittest.vcxproj", "{F83A7509-3DB3-17EE-D9F6-FAD0C75D504C}"
EndProject
Project("{8BC9CEB8-8B4A-11D0-8D11-00A0C91BC942}") = "pdf", "obj/pdf.vcxproj", "{C1F7A97D-4D5D-8D2B-0101-AB5731CB79AA}"
EndProject
Project("{8BC9CEB8-8B4A-11D0-8D11-00A0C91BC942}") = "png", "obj/png.vcxproj", "{888E4980-CDBC-89B1-C497-FBF73D7C048F}"
EndProject
Project("{8BC9CEB8-8B4A-11D0-8D11-00A0C91BC942}") = "public", "obj/public.vcxproj", "{953498C6-E8BC-A195-1667-F0E68C281267}"
EndProject
Project("{8BC9CEB8-8B4A-11D0-8D11-00A0C91BC942}") = "raw", "obj/raw.vcxproj", "{5BB62B5A-7CD1-D75A-800C-952DE16A8EBF}"
EndProject
Project("{8BC9CEB8-8B4A-11D0-8D11-00A0C91BC942}") = "samples", "obj/samples.vcxproj", "{26E80555-1C25-30D0-2A7B-E965D32B4495}"
EndProject
Project("{8BC9CEB8-8B4A-11D0-8D11-00A0C91BC942}") = "skdiff", "obj/skdiff.vcxproj", "{23AC594F-8CF3-7933-73B2-AD16ED1A0775}"
EndProject
Project("{8BC9CEB8-8B4A-11D0-8D11-00A0C91BC942}") = "skia", "obj/skia.vcxproj", "{05718BA8-B186-5E1D-B5D2-9AFAB8BFF94F}"
EndProject
Project("{8BC9CEB8-8B4A-11D0-8D11-00A0C91BC942}") = "skiaserve", "obj/skiaserve.vcxproj", "{164693D1-4267-33C0-4D4B-94F4AB733ED8}"
EndProject
Project("{8BC9CEB8-8B4A-11D0-8D11-00A0C91BC942}") = "skp_parser", "obj/skp_parser.vcxproj", "{A434D1C2-968A-0642-EFF7-9817A5FDBDEC}"
EndProject
Project("{8BC9CEB8-8B4A-11D0-8D11-00A0C91BC942}") = "skpinfo", "obj/skpinfo.vcxproj", "{977DE15A-4273-12CA-B014-10F4866BED80}"
EndProject
Project("{8BC9CEB8-8B4A-11D0-8D11-00A0C91BC942}") = "sktexttopdf", "obj/sktexttopdf.vcxproj", "{41E08278-F144-1272-90F0-50F052E8E857}"
EndProject
Project("{8BC9CEB8-8B4A-11D0-8D11-00A0C91BC942}") = "sse2", "obj/sse2.vcxproj", "{4F349D8C-81ED-72CF-46D0-529E08F3B993}"
EndProject
Project("{8BC9CEB8-8B4A-11D0-8D11-00A0C91BC942}") = "sse41", "obj/sse41.vcxproj", "{507C8B1B-E6EC-DF6F-3C00-801EDA9DE893}"
EndProject
Project("{8BC9CEB8-8B4A-11D0-8D11-00A0C91BC942}") = "sse42", "obj/sse42.vcxproj", "{736206D0-CB56-DC6B-4A94-AB1883AFDFAF}"
EndProject
Project("{8BC9CEB8-8B4A-11D0-8D11-00A0C91BC942}") = "ssse3", "obj/ssse3.vcxproj", "{F376243E-4BBF-3FC2-7E64-3F6C69C23534}"
EndProject
Project("{8BC9CEB8-8B4A-11D0-8D11-00A0C91BC942}") = "tests", "obj/tests.vcxproj", "{E1EDDCB1-8389-B3D6-7EB4-1E491C3EFC1C}"
EndProject
Project("{8BC9CEB8-8B4A-11D0-8D11-00A0C91BC942}") = "jsoncpp", "obj/third_party/jsoncpp/jsoncpp.vcxproj", "{E7BB5D94-F2D4-CB4B-5198-CB857C8B382D}"
EndProject
Project("{8BC9CEB8-8B4A-11D0-8D11-00A0C91BC942}") = "libmicrohttpd", "obj/third_party/libmicrohttpd/libmicrohttpd.vcxproj", "{86B0BB28-5C31-4B48-ABFA-F542BB7852FF}"
EndProject
Project("{8BC9CEB8-8B4A-11D0-8D11-00A0C91BC942}") = "libpng", "obj/third_party/libpng/libpng.vcxproj", "{1B00A28F-D46B-B7D9-F35F-998542AF6255}"
EndProject
Project("{8BC9CEB8-8B4A-11D0-8D11-00A0C91BC942}") = "zlib", "obj/third_party/zlib/zlib.vcxproj", "{333FC50D-3D9E-3B48-D104-B9B5796C5438}"
EndProject
Project("{8BC9CEB8-8B4A-11D0-8D11-00A0C91BC942}") = "zlib_x86", "obj/third_party/zlib/zlib_x86.vcxproj", "{CAA72236-B2B5-C103-AA28-D703F9CAE7D1}"
EndProject
Project("{8BC9CEB8-8B4A-11D0-8D11-00A0C91BC942}") = "tool_utils", "obj/tool_utils.vcxproj", "{35FA9FF3-B426-10F3-2A50-C3107445FCFC}"
EndProject
Project("{8BC9CEB8-8B4A-11D0-8D11-00A0C91BC942}") = "typeface_freetype", "obj/typeface_freetype.vcxproj", "{FF196203-EF96-6F60-6A58-122739E8DDC1}"
EndProject
Project("{8BC9CEB8-8B4A-11D0-8D11-00A0C91BC942}") = "views", "obj/views.vcxproj", "{70B784F5-8054-8CE1-D950-189642ECC790}"
EndProject
Project("{8BC9CEB8-8B4A-11D0-8D11-00A0C91BC942}") = "webp", "obj/webp.vcxproj", "{700810CB-E0BC-A082-6851-B3CC9C048A81}"
EndProject
Project("{8BC9CEB8-8B4A-11D0-8D11-00A0C91BC942}") = "xml", "obj/xml.vcxproj", "{4BF213AB-8058-099E-5B68-A9EF1BCA903E}"
EndProject
Global
	GlobalSection(SolutionConfigurationPlatforms) = preSolution
		GN|Win32 = GN|Win32
	EndGlobalSection
	GlobalSection(ProjectConfigurationPlatforms) = postSolution
		{68FCECED-525A-E6FA-6933-644C7032576C}.GN|Win32.ActiveCfg = GN|Win32
		{68FCECED-525A-E6FA-6933-644C7032576C}.GN|Win32.Build.0 = GN|Win32
		{665F2E85-9935-8592-4C8E-5D276B3FBDA9}.GN|Win32.ActiveCfg = GN|Win32
		{665F2E85-9935-8592-4C8E-5D276B3FBDA9}.GN|Win32.Build.0 = GN|Win32
		{F20FD718-7D23-4D05-AB1D-E9F86DECF0AD}.GN|Win32.ActiveCfg = GN|Win32
		{F20FD718-7D23-4D05-AB1D-E9F86DECF0AD}.GN|Win32.Build.0 = GN|Win32
		{25775A5B-9314-D511-DD46-72CB7F6850DF}.GN|Win32.ActiveCfg = GN|Win32
		{25775A5B-9314-D511-DD46-72CB7F6850DF}.GN|Win32.Build.0 = GN|Win32
		{1D5B559F-DDB3-99A1-9C15-EAF62BE8557D}.GN|Win32.ActiveCfg = GN|Win32
		{1D5B559F-DDB3-99A1-9C15-EAF62BE8557D}.GN|Win32.Build.0 = GN|Win32
		{57546591-F1FB-32B4-153A-4FC1CFEACA50}.GN|Win32.ActiveCfg = GN|Win32
		{57546591-F1FB-32B4-153A-4FC1CFEACA50}.GN|Win32.Build.0 = GN|Win32
		{E570F7CA-6324-55AD-9986-5FB024C21C25}.GN|Win32.ActiveCfg = GN|Win32
		{E570F7CA-6324-55AD-9986-5FB024C21C25}.GN|Win32.Build.0 = GN|Win32
		{8030BDFB-7D71-7D35-7C03-4A4DA4E515AF}.GN|Win32.ActiveCfg = GN|Win32
		{8030BDFB-7D71-7D35-7C03-4A4DA4E515AF}.GN|Win32.Build.0 = GN|Win32
		{A74D9CD3-446A-ACCD-73F6-79572CB65372}.GN|Win32.ActiveCfg = GN|Win32
		{A74D9CD3-446A-ACCD-73F6-79572CB65372}.GN|Win32.Build.0 = GN|Win32
		{B8962F51-F6C3-1180-845B-EF0BCDB72B5D}.GN|Win32.ActiveCfg = GN|Win32
		{B8962F51-F6C3-1180-845B-EF0BCDB72B5D}.GN|Win32.Build.0 = GN|Win32
		{7EC6ED4B-48EC-092B-06DC-CCE148F44AA3}.GN|Win32.ActiveCfg = GN|Win32
		{7EC6ED4B-48EC-092B-06DC-CCE148F44AA3}.GN|Win32.Build.0 = GN|Win32
		{4C13D641-288C-E2C2-4AE1-C9B917AEE37D}.GN|Win32.ActiveCfg = GN|Win32
		{4C13D641-288C-E2C2-4AE1-C9B917AEE37D}.GN|Win32.Build.0 = GN|Win32
		{AD00910D-C212-4A6B-458A-814B564788D8}.GN|Win32.ActiveCfg = GN|Win32
		{AD00910D-C212-4A6B-458A-814B564788D8}.GN|Win32.Build.0 = GN|Win32
		{CE0CDF5E-B605-633F-E0E1-4E7D14450989}.GN|Win32.ActiveCfg = GN|Win32
		{CE0CDF5E-B605-633F-E0E1-4E7D14450989}.GN|Win32.Build.0 = GN|Win32
		{75BA7FAF-329D-DC2D-81FF-C8918F90EFBA}.GN|Win32.ActiveCfg = GN|Win32
		{75BA7FAF-329D-DC2D-81FF-C8918F90EFBA}.GN|Win32.Build.0 = GN|Win32
		{2DD69879-6918-CE7D-DF3F-15B0CAAC6324}.GN|Win32.ActiveCfg = GN|Win32
		{2DD69879-6918-CE7D-DF3F-15B0CAAC6324}.GN|Win32.Build.0 = GN|Win32
		{C42A2CC7-9B6D-0E8E-AD0E-C6C717AEC71A}.GN|Win32.ActiveCfg = GN|Win32
		{C42A2CC7-9B6D-0E8E-AD0E-C6C717AEC71A}.GN|Win32.Build.0 = GN|Win32
		{9D79D0AA-E68B-2FA1-3992-6BC430369BFE}.GN|Win32.ActiveCfg = GN|Win32
		{9D79D0AA-E68B-2FA1-3992-6BC430369BFE}.GN|Win32.Build.0 = GN|Win32
		{1EA8D457-EF34-CDA2-B34C-7376DD87B1E6}.GN|Win32.ActiveCfg = GN|Win32
		{1EA8D457-EF34-CDA2-B34C-7376DD87B1E6}.GN|Win32.Build.0 = GN|Win32
		{AD36888C-8C1E-83F1-AD6E-70E737272A04}.GN|Win32.ActiveCfg = GN|Win32
		{AD36888C-8C1E-83F1-AD6E-70E737272A04}.GN|Win32.Build.0 = GN|Win32
		{DF3F11F6-6F22-1952-9F82-8A79982D86E8}.GN|Win32.ActiveCfg = GN|Win32
		{DF3F11F6-6F22-1952-9F82-8A79982D86E8}.GN|Win32.Build.0 = GN|Win32
		{69CDF885-6C77-EB3A-513D-3FE400EA1D80}.GN|Win32.ActiveCfg = GN|Win32
		{69CDF885-6C77-EB3A-513D-3FE400EA1D80}.GN|Win32.Build.0 = GN|Win32
		{5ADBF37C-74CC-F43E-BD2D-BE3A2C57A6DE}.GN|Win32.ActiveCfg = GN|Win32
		{5ADBF37C-74CC-F43E-BD2D-BE3A2C57A6DE}.GN|Win32.Build.0 = GN|Win32
		{1128AB13-0155-65D2-D4C8-B30264568178}.GN|Win32.ActiveCfg = GN|Win32
		{1128AB13-0155-65D2-D4C8-B30264568178}.GN|Win32.Build.0 = GN|Win32
		{B2D60C33-7B88-C705-D34C-18009B28EF7D}.GN|Win32.ActiveCfg = GN|Win32
		{B2D60C33-7B88-C705-D34C-18009B28EF7D}.GN|Win32.Build.0 = GN|Win32
		{1C073ECE-8724-8B0D-8C8C-82BDFE9E7FA8}.GN|Win32.ActiveCfg = GN|Win32
		{1C073ECE-8724-8B0D-8C8C-82BDFE9E7FA8}.GN|Win32.Build.0 = GN|Win32
		{CBEEF73B-238D-9896-7F6F-AC42AC12A468}.GN|Win32.ActiveCfg = GN|Win32
		{CBEEF73B-238D-9896-7F6F-AC42AC12A468}.GN|Win32.Build.0 = GN|Win32
		{67C8B9E7-2EE1-DC9A-1D8D-DF2D2E731100}.GN|Win32.ActiveCfg = GN|Win32
		{67C8B9E7-2EE1-DC9A-1D8D-DF2D2E731100}.GN|Win32.Build.0 = GN|Win32
		{7F285EB5-28FB-7D57-C131-BF0D7FD28A68}.GN|Win32.ActiveCfg = GN|Win32
		{7F285EB5-28FB-7D57-C131-BF0D7FD28A68}.GN|Win32.Build.0 = GN|Win32
		{59145B25-DB3C-DE94-C843-2EB1DD3CE3E7}.GN|Win32.ActiveCfg = GN|Win32
		{59145B25-DB3C-DE94-C843-2EB1DD3CE3E7}.GN|Win32.Build.0 = GN|Win32
		{50DF894F-372F-6E12-F1B5-FFE87B36F72A}.GN|Win32.ActiveCfg = GN|Win32
		{50DF894F-372F-6E12-F1B5-FFE87B36F72A}.GN|Win32.Build.0 = GN|Win32
		{F83A7509-3DB3-17EE-D9F6-FAD0C75D504C}.GN|Win32.ActiveCfg = GN|Win32
		{F83A7509-3DB3-17EE-D9F6-FAD0C75D504C}.GN|Win32.Build.0 = GN|Win32
		{C1F7A97D-4D5D-8D2B-0101-AB5731CB79AA}.GN|Win32.ActiveCfg = GN|Win32
		{C1F7A97D-4D5D-8D2B-0101-AB5731CB79AA}.GN|Win32.Build.0 = GN|Win32
		{888E4980-CDBC-89B1-C497-FBF73D7C048F}.GN|Win32.ActiveCfg = GN|Win32
		{888E4980-CDBC-89B1-C497-FBF73D7C048F}.GN|Win32.Build.0 = GN|Win32
		{953498C6-E8BC-A195-1667-F0E68C281267}.GN|Win32.ActiveCfg = GN|Win32
		{953498C6-E8BC-A195-1667-F0E68C281267}.GN|Win32.Build.0 = GN|Win32
		{5BB62B5A-7CD1-D75A-800C-952DE16A8EBF}.GN|Win32.ActiveCfg = GN|Win32
		{5BB62B5A-7CD1-D75A-800C-952DE16A8EBF}.GN|Win32.Build.0 = GN|Win32
		{26E80555-1C25-30D0-2A7B-E965D32B4495}.GN|Win32.ActiveCfg = GN|Win32
		{26E80555-1C25-30D0-2A7B-E965D32B4495}.GN|Win32.Build.0 = GN|Win32
		{23AC594F-8CF3-7933-73B2-AD16ED1A0775}.GN|Win32.ActiveCfg = GN|Win32
		{23AC594F-8CF3-7933-73B2-AD16ED1A0775}.GN|Win32.Build.0 = GN|Win32
		{05718BA8-B186-5E1D-B5D2-9AFAB8BFF94F}.GN|Win32.ActiveCfg = GN|Win32
		{05718BA8-B186-5E1D-B5D2-9AFAB8BFF94F}.GN|Win32.Build.0 = GN|Win32
		{164693D1-4267-33C0-4D4B-94F4AB733ED8}.GN|Win32.ActiveCfg = GN|Win32
		{164693D1-4267-33C0-4D4B-94F4AB733ED8}.GN|Win32.Build.0 = GN|Win32
		{A434D1C2-968A-0642-EFF7-9817A5FDBDEC}.GN|Win32.ActiveCfg = GN|Win32
		{A434D1C2-968A-0642-EFF7-9817A5FDBDEC}.GN|Win32.Build.0 = GN|Win32
		{977DE15A-4273-12CA-B014-10F4866BED80}.GN|Win32.ActiveCfg = GN|Win32
		{977DE15A-4273-12CA-B014-10F4866BED80}.GN|Win32.Build.0 = GN|Win32
		{41E08278-F144-1272-90F0-50F052E8E857}.GN|Win32.ActiveCfg = GN|Win32
		{41E08278-F144-1272-90F0-50F052E8E857}.GN|Win32.Build.0 = GN|Win32
		{4F349D8C-81ED-72CF-46D0-529E08F3B993}.GN|Win32.ActiveCfg = GN|Win32
		{4F349D8C-81ED-72CF-46D0-529E08F3B993}.GN|Win32.Build.0 = GN|Win32
		{507C8B1B-E6EC-DF6F-3C00-801EDA9DE893}.GN|Win32.ActiveCfg = GN|Win32
		{507C8B1B-E6EC-DF6F-3C00-801EDA9DE893}.GN|Win32.Build.0 = GN|Win32
		{736206D0-CB56-DC6B-4A94-AB1883AFDFAF}.GN|Win32.ActiveCfg = GN|Win32
		{736206D0-CB56-DC6B-4A94-AB1883AFDFAF}.GN|Win32.Build.0 = GN|Win32
		{F376243E-4BBF-3FC2-7E64-3F6C69C23534}.GN|Win32.ActiveCfg = GN|Win32
		{F376243E-4BBF-3FC2-7E64-3F6C69C23534}.GN|Win32.Build.0 = GN|Win32
		{E1EDDCB1-8389-B3D6-7EB4-1E491C3EFC1C}.GN|Win32.ActiveCfg = GN|Win32
		{E1EDDCB1-8389-B3D6-7EB4-1E491C3EFC1C}.GN|Win32.Build.0 = GN|Win32
		{E7BB5D94-F2D4-CB4B-5198-CB857C8B382D}.GN|Win32.ActiveCfg = GN|Win32
		{E7BB5D94-F2D4-CB4B-5198-CB857C8B382D}.GN|Win32.Build.0 = GN|Win32
		{86B0BB28-5C31-4B48-ABFA-F542BB7852FF}.GN|Win32.ActiveCfg = GN|Win32
		{86B0BB28-5C31-4B48-ABFA-F542BB7852FF}.GN|Win32.Build.0 = GN|Win32
		{1B00A28F-D46B-B7D9-F35F-998542AF6255}.GN|Win32.ActiveCfg = GN|Win32
		{1B00A28F-D46B-B7D9-F35F-998542AF6255}.GN|Win32.Build.0 = GN|Win32
		{333FC50D-3D9E-3B48-D104-B9B5796C5438}.GN|Win32.ActiveCfg = GN|Win32
		{333FC50D-3D9E-3B48-D104-B9B5796C5438}.GN|Win32.Build.0 = GN|Win32
		{CAA72236-B2B5-C103-AA28-D703F9CAE7D1}.GN|Win32.ActiveCfg = GN|Win32
		{CAA72236-B2B5-C103-AA28-D703F9CAE7D1}.GN|Win32.Build.0 = GN|Win32
		{35FA9FF3-B426-10F3-2A50-C3107445FCFC}.GN|Win32.ActiveCfg = GN|Win32
		{35FA9FF3-B426-10F3-2A50-C3107445FCFC}.GN|Win32.Build.0 = GN|Win32
		{FF196203-EF96-6F60-6A58-122739E8DDC1}.GN|Win32.ActiveCfg = GN|Win32
		{FF196203-EF96-6F60-6A58-122739E8DDC1}.GN|Win32.Build.0 = GN|Win32
		{70B784F5-8054-8CE1-D950-189642ECC790}.GN|Win32.ActiveCfg = GN|Win32
		{70B784F5-8054-8CE1-D950-189642ECC790}.GN|Win32.Build.0 = GN|Win32
		{700810CB-E0BC-A082-6851-B3CC9C048A81}.GN|Win32.ActiveCfg = GN|Win32
		{700810CB-E0BC-A082-6851-B3CC9C048A81}.GN|Win32.Build.0 = GN|Win32
		{4BF213AB-8058-099E-5B68-A9EF1BCA903E}.GN|Win32.ActiveCfg = GN|Win32
		{4BF213AB-8058-099E-5B68-A9EF1BCA903E}.GN|Win32.Build.0 = GN|Win32
	EndGlobalSection
	GlobalSection(SolutionProperties) = preSolution
		HideSolutionNode = FALSE
	EndGlobalSection
	GlobalSection(NestedProjects) = preSolution
		{9E6C5B9C-2A21-A5EB-1487-4C8270BD63AA} = {205EB312-80F4-B88E-7D6A-A887FC14A45C}
		{6D517B7D-E3A7-9098-4824-DAC77C38BEDA} = {9E6C5B9C-2A21-A5EB-1487-4C8270BD63AA}
		{4BE44D34-01ED-6EBA-2863-A6524A68CDAC} = {9E6C5B9C-2A21-A5EB-1487-4C8270BD63AA}
		{6B944AB6-9ED7-16DA-F91D-95DA5D974F55} = {9E6C5B9C-2A21-A5EB-1487-4C8270BD63AA}
		{F0B695F2-63EC-DE1D-4F46-F4CFE474C4E2} = {9E6C5B9C-2A21-A5EB-1487-4C8270BD63AA}
		{68FCECED-525A-E6FA-6933-644C7032576C} = {205EB312-80F4-B88E-7D6A-A887FC14A45C}
		{665F2E85-9935-8592-4C8E-5D276B3FBDA9} = {205EB312-80F4-B88E-7D6A-A887FC14A45C}
		{F20FD718-7D23-4D05-AB1D-E9F86DECF0AD} = {205EB312-80F4-B88E-7D6A-A887FC14A45C}
		{25775A5B-9314-D511-DD46-72CB7F6850DF} = {205EB312-80F4-B88E-7D6A-A887FC14A45C}
		{1D5B559F-DDB3-99A1-9C15-EAF62BE8557D} = {205EB312-80F4-B88E-7D6A-A887FC14A45C}
		{57546591-F1FB-32B4-153A-4FC1CFEACA50} = {205EB312-80F4-B88E-7D6A-A887FC14A45C}
		{E570F7CA-6324-55AD-9986-5FB024C21C25} = {205EB312-80F4-B88E-7D6A-A887FC14A45C}
		{8030BDFB-7D71-7D35-7C03-4A4DA4E515AF} = {205EB312-80F4-B88E-7D6A-A887FC14A45C}
		{A74D9CD3-446A-ACCD-73F6-79572CB65372} = {205EB312-80F4-B88E-7D6A-A887FC14A45C}
		{B8962F51-F6C3-1180-845B-EF0BCDB72B5D} = {205EB312-80F4-B88E-7D6A-A887FC14A45C}
		{7EC6ED4B-48EC-092B-06DC-CCE148F44AA3} = {205EB312-80F4-B88E-7D6A-A887FC14A45C}
		{4C13D641-288C-E2C2-4AE1-C9B917AEE37D} = {205EB312-80F4-B88E-7D6A-A887FC14A45C}
		{AD00910D-C212-4A6B-458A-814B564788D8} = {205EB312-80F4-B88E-7D6A-A887FC14A45C}
		{CE0CDF5E-B605-633F-E0E1-4E7D14450989} = {205EB312-80F4-B88E-7D6A-A887FC14A45C}
		{75BA7FAF-329D-DC2D-81FF-C8918F90EFBA} = {205EB312-80F4-B88E-7D6A-A887FC14A45C}
		{2DD69879-6918-CE7D-DF3F-15B0CAAC6324} = {205EB312-80F4-B88E-7D6A-A887FC14A45C}
		{C42A2CC7-9B6D-0E8E-AD0E-C6C717AEC71A} = {205EB312-80F4-B88E-7D6A-A887FC14A45C}
		{9D79D0AA-E68B-2FA1-3992-6BC430369BFE} = {205EB312-80F4-B88E-7D6A-A887FC14A45C}
		{1EA8D457-EF34-CDA2-B34C-7376DD87B1E6} = {205EB312-80F4-B88E-7D6A-A887FC14A45C}
		{AD36888C-8C1E-83F1-AD6E-70E737272A04} = {205EB312-80F4-B88E-7D6A-A887FC14A45C}
		{DF3F11F6-6F22-1952-9F82-8A79982D86E8} = {205EB312-80F4-B88E-7D6A-A887FC14A45C}
		{69CDF885-6C77-EB3A-513D-3FE400EA1D80} = {205EB312-80F4-B88E-7D6A-A887FC14A45C}
		{5ADBF37C-74CC-F43E-BD2D-BE3A2C57A6DE} = {205EB312-80F4-B88E-7D6A-A887FC14A45C}
		{1128AB13-0155-65D2-D4C8-B30264568178} = {205EB312-80F4-B88E-7D6A-A887FC14A45C}
		{B2D60C33-7B88-C705-D34C-18009B28EF7D} = {205EB312-80F4-B88E-7D6A-A887FC14A45C}
		{1C073ECE-8724-8B0D-8C8C-82BDFE9E7FA8} = {205EB312-80F4-B88E-7D6A-A887FC14A45C}
		{CBEEF73B-238D-9896-7F6F-AC42AC12A468} = {205EB312-80F4-B88E-7D6A-A887FC14A45C}
		{67C8B9E7-2EE1-DC9A-1D8D-DF2D2E731100} = {205EB312-80F4-B88E-7D6A-A887FC14A45C}
		{7F285EB5-28FB-7D57-C131-BF0D7FD28A68} = {205EB312-80F4-B88E-7D6A-A887FC14A45C}
		{59145B25-DB3C-DE94-C843-2EB1DD3CE3E7} = {205EB312-80F4-B88E-7D6A-A887FC14A45C}
		{50DF894F-372F-6E12-F1B5-FFE87B36F72A} = {205EB312-80F4-B88E-7D6A-A887FC14A45C}
		{F83A7509-3DB3-17EE-D9F6-FAD0C75D504C} = {205EB312-80F4-B88E-7D6A-A887FC14A45C}
		{C1F7A97D-4D5D-8D2B-0101-AB5731CB79AA} = {205EB312-80F4-B88E-7D6A-A887FC14A45C}
		{888E4980-CDBC-89B1-C497-FBF73D7C048F} = {205EB312-80F4-B88E-7D6A-A887FC14A45C}
		{953498C6-E8BC-A195-1667-F0E68C281267} = {205EB312-80F4-B88E-7D6A-A887FC14A45C}
		{5BB62B5A-7CD1-D75A-800C-952DE16A8EBF} = {205EB312-80F4-B88E-7D6A-A887FC14A45C}
		{26E80555-1C25-30D0-2A7B-E965D32B4495} = {205EB312-80F4-B88E-7D6A-A887FC14A45C}
		{23AC594F-8CF3-7933-73B2-AD16ED1A0775} = {205EB312-80F4-B88E-7D6A-A887FC14A45C}
		{05718BA8-B186-5E1D-B5D2-9AFAB8BFF94F} = {205EB312-80F4-B88E-7D6A-A887FC14A45C}
		{164693D1-4267-33C0-4D4B-94F4AB733ED8} = {205EB312-80F4-B88E-7D6A-A887FC14A45C}
		{A434D1C2-968A-0642-EFF7-9817A5FDBDEC} = {205EB312-80F4-B88E-7D6A-A887FC14A45C}
		{977DE15A-4273-12CA-B014-10F4866BED80} = {205EB312-80F4-B88E-7D6A-A887FC14A45C}
		{41E08278-F144-1272-90F0-50F052E8E857} = {205EB312-80F4-B88E-7D6A-A887FC14A45C}
		{4F349D8C-81ED-72CF-46D0-529E08F3B993} = {205EB312-80F4-B88E-7D6A-A887FC14A45C}
		{507C8B1B-E6EC-DF6F-3C00-801EDA9DE893} = {205EB312-80F4-B88E-7D6A-A887FC14A45C}
		{736206D0-CB56-DC6B-4A94-AB1883AFDFAF} = {205EB312-80F4-B88E-7D6A-A887FC14A45C}
		{F376243E-4BBF-3FC2-7E64-3F6C69C23534} = {205EB312-80F4-B88E-7D6A-A887FC14A45C}
		{E1EDDCB1-8389-B3D6-7EB4-1E491C3EFC1C} = {205EB312-80F4-B88E-7D6A-A887FC14A45C}
		{E7BB5D94-F2D4-CB4B-5198-CB857C8B382D} = {6D517B7D-E3A7-9098-4824-DAC77C38BEDA}
		{86B0BB28-5C31-4B48-ABFA-F542BB7852FF} = {4BE44D34-01ED-6EBA-2863-A6524A68CDAC}
		{1B00A28F-D46B-B7D9-F35F-998542AF6255} = {6B944AB6-9ED7-16DA-F91D-95DA5D974F55}
		{333FC50D-3D9E-3B48-D104-B9B5796C5438} = {F0B695F2-63EC-DE1D-4F46-F4CFE474C4E2}
		{CAA72236-B2B5-C103-AA28-D703F9CAE7D1} = {F0B695F2-63EC-DE1D-4F46-F4CFE474C4E2}
		{35FA9FF3-B426-10F3-2A50-C3107445FCFC} = {205EB312-80F4-B88E-7D6A-A887FC14A45C}
		{FF196203-EF96-6F60-6A58-122739E8DDC1} = {205EB312-80F4-B88E-7D6A-A887FC14A45C}
		{70B784F5-8054-8CE1-D950-189642ECC790} = {205EB312-80F4-B88E-7D6A-A887FC14A45C}
		{700810CB-E0BC-A082-6851-B3CC9C048A81} = {205EB312-80F4-B88E-7D6A-A887FC14A45C}
		{4BF213AB-8058-099E-5B68-A9EF1BCA903E} = {205EB312-80F4-B88E-7D6A-A887FC14A45C}
	EndGlobalSection
EndGlobal
